{
  "originHash" : "ad06b7d54aab866609e321eeb0ec0467870ff9946c7f186fee4aad133e50f4bd",
  "pins" : [
    {
      "identity" : "collectionextensions",
      "kind" : "remoteSourceControl",
      "location" : "https://github.com/elegantchaos/CollectionExtensions.git",
      "state" : {
        "revision" : "edc4af4b06ee79accc28d9d473cb2a4486f2ba25",
        "version" : "1.1.10"
      }
    },
    {
      "identity" : "dictionarycoding",
      "kind" : "remoteSourceControl",
      "location" : "https://github.com/elegantchaos/DictionaryCoding.git",
      "state" : {
        "revision" : "ae19e456bd550fed8f341e5bae4318333c53a5b4",
        "version" : "1.0.9"
      }
    },
    {
      "identity" : "files",
      "kind" : "remoteSourceControl",
      "location" : "https://github.com/elegantchaos/Files.git",
      "state" : {
        "revision" : "ccb417b5b4f2d473964594a7c906a50a62c8530c",
        "version" : "1.2.2"
      }
    },
    {
      "identity" : "jsonsession",
      "kind" : "remoteSourceControl",
      "location" : "https://github.com/elegantchaos/JSONSession.git",
      "state" : {
        "revision" : "c4a1580e21f58e30dea3086cfdf59fa96e6ef166",
        "version" : "3.0.0"
      }
    },
    {
      "identity" : "keychain",
      "kind" : "remoteSourceControl",
      "location" : "https://github.com/elegantchaos/Keychain.git",
      "state" : {
        "revision" : "876589ffe4a684cd61c9d202059ae6f73776f098",
        "version" : "1.1.1"
      }
    },
    {
      "identity" : "logger",
      "kind" : "remoteSourceControl",
      "location" : "https://github.com/elegantchaos/Logger",
      "state" : {
        "revision" : "6957a21c4e02fc03734a460fb8bfcd36dbe8aba8",
        "version" : "2.0.1"
      }
    },
    {
      "identity" : "matchable",
      "kind" : "remoteSourceControl",
      "location" : "https://github.com/elegantchaos/Matchable.git",
      "state" : {
        "revision" : "d53e807009960aafbd54f6229c2542f906628b38",
        "version" : "1.0.7"
      }
    },
    {
      "identity" : "octoid",
      "kind" : "remoteSourceControl",
      "location" : "https://github.com/elegantchaos/Octoid.git",
      "state" : {
        "revision" : "96e62a871b437b245dff213330b3f3dfce26004d",
        "version" : "3.0.0"
      }
    },
    {
      "identity" : "xctestextensions",
      "kind" : "remoteSourceControl",
      "location" : "https://github.com/elegantchaos/XCTestExtensions.git",
      "state" : {
        "revision" : "40da6a09823c8a9bfa68b6487e92d86b8e8a821e",
        "version" : "1.5.1"
      }
    }
  ],
  "version" : 3
}
