{
  "originHash" : "12e32e3d2bcf8a8945735e6cf3935c746bb25927ba9abf1ae139cb5e480b1982",
  "pins" : [
    {
      "identity" : "application",
      "kind" : "remoteSourceControl",
      "location" : "https://github.com/elegantchaos/Application.git",
      "state" : {
        "revision" : "879b2c6aeb242c0e5790d5153555d8a986207ddf",
        "version" : "1.0.1"
      }
    },
    {
      "identity" : "commands",
      "kind" : "remoteSourceControl",
      "location" : "https://github.com/elegantchaos/Commands.git",
      "state" : {
        "revision" : "fc7c32dd8473fa959810fb17a17f6d6d412e595c",
        "version" : "1.0.1"
      }
    },
    {
      "identity" : "dictionarycoding",
      "kind" : "remoteSourceControl",
      "location" : "https://github.com/elegantchaos/DictionaryCoding.git",
      "state" : {
        "revision" : "ae19e456bd550fed8f341e5bae4318333c53a5b4",
        "version" : "1.0.9"
      }
    },
    {
      "identity" : "files",
      "kind" : "remoteSourceControl",
      "location" : "https://github.com/elegantchaos/Files.git",
      "state" : {
        "revision" : "ccb417b5b4f2d473964594a7c906a50a62c8530c",
        "version" : "1.2.2"
      }
    },
    {
      "identity" : "icons",
      "kind" : "remoteSourceControl",
      "location" : "https://github.com/elegantchaos/Icons.git",
      "state" : {
        "revision" : "068efb572003fca636c99fcb9c8e2dd3bf813272",
        "version" : "1.0.1"
      }
    },
    {
      "identity" : "jsonsession",
      "kind" : "remoteSourceControl",
      "location" : "https://github.com/elegantchaos/JSONSession.git",
      "state" : {
        "revision" : "c4a1580e21f58e30dea3086cfdf59fa96e6ef166",
        "version" : "3.0.0"
      }
    },
    {
      "identity" : "keychain",
      "kind" : "remoteSourceControl",
      "location" : "https://github.com/elegantchaos/Keychain.git",
      "state" : {
        "revision" : "d99aec1183eeca2ece08d1b2974562a9ff8c46b1",
        "version" : "1.0.0"
      }
    },
    {
      "identity" : "logger",
      "kind" : "remoteSourceControl",
      "location" : "https://github.com/elegantchaos/Logger.git",
      "state" : {
        "revision" : "e0514867a7b2f49f0a0ade1a4a23164b1afa73b8",
        "version" : "2.0.2"
      }
    },
    {
      "identity" : "matchable",
      "kind" : "remoteSourceControl",
      "location" : "https://github.com/elegantchaos/Matchable.git",
      "state" : {
        "revision" : "0f523c77bf4b0dbbdc0838b952262ed45fab17f8",
        "version" : "1.0.6"
      }
    },
    {
      "identity" : "octoid",
      "kind" : "remoteSourceControl",
      "location" : "https://github.com/elegantchaos/Octoid.git",
      "state" : {
        "revision" : "96e62a871b437b245dff213330b3f3dfce26004d",
        "version" : "3.0.0"
      }
    },
    {
      "identity" : "runtime",
      "kind" : "remoteSourceControl",
      "location" : "https://github.com/elegantchaos/Runtime.git",
      "state" : {
        "revision" : "a8162286108d002d00b5432aafa428e93d122a56",
        "version" : "1.0.1"
      }
    },
    {
      "identity" : "settings",
      "kind" : "remoteSourceControl",
      "location" : "https://github.com/elegantchaos/Settings.git",
      "state" : {
        "revision" : "cb5026c70553ebf26257a362ab3d200225b2c22a",
        "version" : "1.0.1"
      }
    },
    {
      "identity" : "xctestextensions",
      "kind" : "remoteSourceControl",
      "location" : "https://github.com/elegantchaos/XCTestExtensions.git",
      "state" : {
        "revision" : "cb054eb122b7c8ed5b3dbbcb711c274b0d868f77",
        "version" : "1.4.7"
      }
    }
  ],
  "version" : 3
}
