{
  "originHash" : "42c8275f98151a7d78d4bf70d5d9bc642c80837d03a570c898faf58fc9970b98",
  "pins" : [
    {
      "identity" : "actionbuildercore",
      "kind" : "remoteSourceControl",
      "location" : "https://github.com/elegantchaos/ActionBuilderCore.git",
      "state" : {
        "revision" : "be27f0c4b0f3f95390b8bf0f7b9346357e0c9880",
        "version" : "2.1.2"
      }
    },
    {
      "identity" : "actionbuilderplugin",
      "kind" : "remoteSourceControl",
      "location" : "https://github.com/elegantchaos/ActionBuilderPlugin.git",
      "state" : {
        "revision" : "7c2f45813e5172534c6ab5ca0ddc64c53f6fc869",
        "version" : "2.1.0"
      }
    },
    {
      "identity" : "chaosbytestreams",
      "kind" : "remoteSourceControl",
      "location" : "https://github.com/elegantchaos/ChaosByteStreams.git",
      "state" : {
        "revision" : "01cc58b8d9a01d67ee6669b67db41b2060ea467b",
        "version" : "1.0.7"
      }
    },
    {
      "identity" : "collectionextensions",
      "kind" : "remoteSourceControl",
      "location" : "https://github.com/elegantchaos/CollectionExtensions.git",
      "state" : {
        "revision" : "52b3547475730a2b6bafc17dc1df31ad2ca53200",
        "version" : "1.1.9"
      }
    },
    {
      "identity" : "dictionarycoding",
      "kind" : "remoteSourceControl",
      "location" : "https://github.com/elegantchaos/DictionaryCoding.git",
      "state" : {
        "revision" : "ae19e456bd550fed8f341e5bae4318333c53a5b4",
        "version" : "1.0.9"
      }
    },
    {
      "identity" : "files",
      "kind" : "remoteSourceControl",
      "location" : "https://github.com/elegantchaos/Files.git",
      "state" : {
        "revision" : "ccb417b5b4f2d473964594a7c906a50a62c8530c",
        "version" : "1.2.2"
      }
    },
    {
      "identity" : "keychain",
      "kind" : "remoteSourceControl",
      "location" : "https://github.com/elegantchaos/Keychain.git",
      "state" : {
        "revision" : "d99aec1183eeca2ece08d1b2974562a9ff8c46b1",
        "version" : "1.0.0"
      }
    },
    {
      "identity" : "logger",
      "kind" : "remoteSourceControl",
      "location" : "https://github.com/elegantchaos/Logger.git",
      "state" : {
        "revision" : "6957a21c4e02fc03734a460fb8bfcd36dbe8aba8",
        "version" : "2.0.1"
      }
    },
    {
      "identity" : "matchable",
      "kind" : "remoteSourceControl",
      "location" : "https://github.com/elegantchaos/Matchable.git",
      "state" : {
        "revision" : "0f523c77bf4b0dbbdc0838b952262ed45fab17f8",
        "version" : "1.0.6"
      }
    },
    {
      "identity" : "runner",
      "kind" : "remoteSourceControl",
      "location" : "https://github.com/elegantchaos/Runner.git",
      "state" : {
        "revision" : "ba4b7d5b995d33c82fc1aa51054202caf0aa7297",
        "version" : "2.1.5"
      }
    },
    {
      "identity" : "semanticversion",
      "kind" : "remoteSourceControl",
      "location" : "https://github.com/elegantchaos/SemanticVersion.git",
      "state" : {
        "revision" : "2637309c72c1415cc3d1ea27ae6ddb2a2b66ecf0",
        "version" : "1.1.2"
      }
    },
    {
      "identity" : "swift-subprocess",
      "kind" : "remoteSourceControl",
      "location" : "https://github.com/swiftlang/swift-subprocess.git",
      "state" : {
        "revision" : "ba5888ad7758cbcbe7abebac37860b1652af2d9c",
        "version" : "0.3.0"
      }
    },
    {
      "identity" : "swift-system",
      "kind" : "remoteSourceControl",
      "location" : "https://github.com/apple/swift-system",
      "state" : {
        "revision" : "7c6ad0fc39d0763e0b699210e4124afd5041c5df",
        "version" : "1.6.4"
      }
    },
    {
      "identity" : "versionator",
      "kind" : "remoteSourceControl",
      "location" : "https://github.com/elegantchaos/Versionator.git",
      "state" : {
        "revision" : "b5f925adb48a08f33281713cb48c51a9cead21ee",
        "version" : "2.1.1"
      }
    },
    {
      "identity" : "xctestextensions",
      "kind" : "remoteSourceControl",
      "location" : "https://github.com/elegantchaos/XCTestExtensions.git",
      "state" : {
        "revision" : "695ac254d74387c8ec1796e2299a7d8bdc33822d",
        "version" : "1.4.2"
      }
    }
  ],
  "version" : 3
}
