{
  "object": {
    "pins": [
      {
        "package": "BindingsExtensions",
        "repositoryURL": "https://github.com/elegantchaos/BindingsExtensions.git",
        "state": {
          "branch": null,
          "revision": "acdce0012a254b321e301afe264454d568ffbee7",
          "version": "1.0.0"
        }
      },
      {
        "package": "Logger",
        "repositoryURL": "https://github.com/elegantchaos/Logger.git",
        "state": {
          "branch": null,
          "revision": "e1455e5edaeb894781a54746995a2f06b9077d19",
          "version": "1.4.2"
        }
      },
      {
        "package": "SwiftUIExtensions",
        "repositoryURL": "https://github.com/elegantchaos/SwiftUIExtensions.git",
        "state": {
          "branch": null,
          "revision": "0d315b8f19d5279037f59b212ab07938110bb987",
          "version": "1.0.3"
        }
      }
    ]
  },
  "version": 1
}
