{
  "object": {
    "pins": [
      {
        "package": "Logger",
        "repositoryURL": "https://github.com/elegantchaos/Logger.git",
        "state": {
          "branch": null,
          "revision": "e1455e5edaeb894781a54746995a2f06b9077d19",
          "version": "1.4.2"
        }
      },
      {
        "package": "SwiftUIExtensions",
        "repositoryURL": "https://github.com/elegantchaos/SwiftUIExtensions.git",
        "state": {
          "branch": null,
          "revision": "5a4ad46e0ca1c0d93d44f57f094e286e28f615f6",
          "version": "1.0.2"
        }
      }
    ]
  },
  "version": 1
}
