{
  "object": {
    "pins": [
      {
        "package": "Arguments",
        "repositoryURL": "https://github.com/elegantchaos/Arguments.git",
        "state": {
          "branch": null,
          "revision": "580f0f7886f1ac2c94358dbf042c5e00a93d69c8",
          "version": "1.1.1"
        }
      },
      {
        "package": "CommandShell",
        "repositoryURL": "https://github.com/elegantchaos/CommandShell.git",
        "state": {
          "branch": null,
          "revision": "4a0096751c1d426af828f5551ad98b81a18ab308",
          "version": "1.1.3"
        }
      },
      {
        "package": "Docopt",
        "repositoryURL": "https://github.com/elegantchaos/docopt.swift.git",
        "state": {
          "branch": null,
          "revision": "fe5bebd9829d1cf56bf062bca70809a09b7144b6",
          "version": "0.6.12"
        }
      },
      {
        "package": "Logger",
        "repositoryURL": "https://github.com/elegantchaos/Logger.git",
        "state": {
          "branch": null,
          "revision": "be1cf7bd88380025755329e3ab1bcfebef7f9a46",
          "version": "1.4.1"
        }
      },
      {
        "package": "ReleaseTools",
        "repositoryURL": "https://github.com/elegantchaos/ReleaseTools",
        "state": {
          "branch": null,
          "revision": "997dea7c35a9334f842e0b9665b7b3e7b006708b",
          "version": "1.0.4"
        }
      },
      {
        "package": "Runner",
        "repositoryURL": "https://github.com/elegantchaos/Runner.git",
        "state": {
          "branch": null,
          "revision": "394f2a5a92ac6b81215a3eeaec5ee4c8227a4a47",
          "version": "1.0.5"
        }
      },
      {
        "package": "XCTestExtensions",
        "repositoryURL": "https://github.com/elegantchaos/XCTestExtensions.git",
        "state": {
          "branch": null,
          "revision": "fb1df618de3ffd23f6979422bd5fde4216ebe453",
          "version": "1.0.9"
        }
      }
    ]
  },
  "version": 1
}
