// !$*UTF8*$!
{
	archiveVersion = 1;
	classes = {
	};
	objectVersion = 52;
	objects = {

/* Begin PBXBuildFile section */
		8B3E64A723EAE62D00B28168 /* AppDelegate.swift in Sources */ = {isa = PBXBuildFile; fileRef = 8B3E64A623EAE62D00B28168 /* AppDelegate.swift */; };
		8B3E64A923EAE62D00B28168 /* SceneDelegate.swift in Sources */ = {isa = PBXBuildFile; fileRef = 8B3E64A823EAE62D00B28168 /* SceneDelegate.swift */; };
		8B3E64AB23EAE62D00B28168 /* ContentView.swift in Sources */ = {isa = PBXBuildFile; fileRef = 8B3E64AA23EAE62D00B28168 /* ContentView.swift */; };
		8B3E64AD23EAE62E00B28168 /* Assets.xcassets in Resources */ = {isa = PBXBuildFile; fileRef = 8B3E64AC23EAE62E00B28168 /* Assets.xcassets */; };
		8B3E64B023EAE62E00B28168 /* Preview Assets.xcassets in Resources */ = {isa = PBXBuildFile; fileRef = 8B3E64AF23EAE62E00B28168 /* Preview Assets.xcassets */; };
		8B3E64B323EAE62E00B28168 /* LaunchScreen.storyboard in Resources */ = {isa = PBXBuildFile; fileRef = 8B3E64B123EAE62E00B28168 /* LaunchScreen.storyboard */; };
		8B3E64BE23EAE62E00B28168 /* ActionStatusTests.swift in Sources */ = {isa = PBXBuildFile; fileRef = 8B3E64BD23EAE62E00B28168 /* ActionStatusTests.swift */; };
		8B3E64C923EAE62F00B28168 /* ActionStatusUITests.swift in Sources */ = {isa = PBXBuildFile; fileRef = 8B3E64C823EAE62F00B28168 /* ActionStatusUITests.swift */; };
		8B451DFC23F415E10056EF3E /* Repo.swift in Sources */ = {isa = PBXBuildFile; fileRef = 8B451DFB23F415E10056EF3E /* Repo.swift */; };
/* End PBXBuildFile section */

/* Begin PBXContainerItemProxy section */
		8B3E64BA23EAE62E00B28168 /* PBXContainerItemProxy */ = {
			isa = PBXContainerItemProxy;
			containerPortal = 8B3E649B23EAE62D00B28168 /* Project object */;
			proxyType = 1;
			remoteGlobalIDString = 8B3E64A223EAE62D00B28168;
			remoteInfo = GithubStatus;
		};
		8B3E64C523EAE62F00B28168 /* PBXContainerItemProxy */ = {
			isa = PBXContainerItemProxy;
			containerPortal = 8B3E649B23EAE62D00B28168 /* Project object */;
			proxyType = 1;
			remoteGlobalIDString = 8B3E64A223EAE62D00B28168;
			remoteInfo = GithubStatus;
		};
/* End PBXContainerItemProxy section */

/* Begin PBXFileReference section */
		8B3E64A323EAE62D00B28168 /* ActionStatus.app */ = {isa = PBXFileReference; explicitFileType = wrapper.application; includeInIndex = 0; path = ActionStatus.app; sourceTree = BUILT_PRODUCTS_DIR; };
		8B3E64A623EAE62D00B28168 /* AppDelegate.swift */ = {isa = PBXFileReference; lastKnownFileType = sourcecode.swift; path = AppDelegate.swift; sourceTree = "<group>"; };
		8B3E64A823EAE62D00B28168 /* SceneDelegate.swift */ = {isa = PBXFileReference; lastKnownFileType = sourcecode.swift; path = SceneDelegate.swift; sourceTree = "<group>"; };
		8B3E64AA23EAE62D00B28168 /* ContentView.swift */ = {isa = PBXFileReference; lastKnownFileType = sourcecode.swift; path = ContentView.swift; sourceTree = "<group>"; };
		8B3E64AC23EAE62E00B28168 /* Assets.xcassets */ = {isa = PBXFileReference; lastKnownFileType = folder.assetcatalog; path = Assets.xcassets; sourceTree = "<group>"; };
		8B3E64AF23EAE62E00B28168 /* Preview Assets.xcassets */ = {isa = PBXFileReference; lastKnownFileType = folder.assetcatalog; path = "Preview Assets.xcassets"; sourceTree = "<group>"; };
		8B3E64B223EAE62E00B28168 /* Base */ = {isa = PBXFileReference; lastKnownFileType = file.storyboard; name = Base; path = Base.lproj/LaunchScreen.storyboard; sourceTree = "<group>"; };
		8B3E64B423EAE62E00B28168 /* Info.plist */ = {isa = PBXFileReference; lastKnownFileType = text.plist.xml; path = Info.plist; sourceTree = "<group>"; };
		8B3E64B923EAE62E00B28168 /* ActionStatusTests.xctest */ = {isa = PBXFileReference; explicitFileType = wrapper.cfbundle; includeInIndex = 0; path = ActionStatusTests.xctest; sourceTree = BUILT_PRODUCTS_DIR; };
		8B3E64BD23EAE62E00B28168 /* ActionStatusTests.swift */ = {isa = PBXFileReference; lastKnownFileType = sourcecode.swift; path = ActionStatusTests.swift; sourceTree = "<group>"; };
		8B3E64BF23EAE62E00B28168 /* Info.plist */ = {isa = PBXFileReference; lastKnownFileType = text.plist.xml; path = Info.plist; sourceTree = "<group>"; };
		8B3E64C423EAE62F00B28168 /* ActionStatusUITests.xctest */ = {isa = PBXFileReference; explicitFileType = wrapper.cfbundle; includeInIndex = 0; path = ActionStatusUITests.xctest; sourceTree = BUILT_PRODUCTS_DIR; };
		8B3E64C823EAE62F00B28168 /* ActionStatusUITests.swift */ = {isa = PBXFileReference; lastKnownFileType = sourcecode.swift; path = ActionStatusUITests.swift; sourceTree = "<group>"; };
		8B3E64CA23EAE62F00B28168 /* Info.plist */ = {isa = PBXFileReference; lastKnownFileType = text.plist.xml; path = Info.plist; sourceTree = "<group>"; };
		8B451DFB23F415E10056EF3E /* Repo.swift */ = {isa = PBXFileReference; lastKnownFileType = sourcecode.swift; path = Repo.swift; sourceTree = "<group>"; };
		8B451E0123F42F3C0056EF3E /* BuildNumber.xcconfig */ = {isa = PBXFileReference; lastKnownFileType = text.xcconfig; path = BuildNumber.xcconfig; sourceTree = "<group>"; };
		8B451E0223F42F960056EF3E /* ActionStatus.xcconfig */ = {isa = PBXFileReference; lastKnownFileType = text.xcconfig; path = ActionStatus.xcconfig; sourceTree = "<group>"; };
/* End PBXFileReference section */

/* Begin PBXFrameworksBuildPhase section */
		8B3E64A023EAE62D00B28168 /* Frameworks */ = {
			isa = PBXFrameworksBuildPhase;
			buildActionMask = 2147483647;
			files = (
			);
			runOnlyForDeploymentPostprocessing = 0;
		};
		8B3E64B623EAE62E00B28168 /* Frameworks */ = {
			isa = PBXFrameworksBuildPhase;
			buildActionMask = 2147483647;
			files = (
			);
			runOnlyForDeploymentPostprocessing = 0;
		};
		8B3E64C123EAE62F00B28168 /* Frameworks */ = {
			isa = PBXFrameworksBuildPhase;
			buildActionMask = 2147483647;
			files = (
			);
			runOnlyForDeploymentPostprocessing = 0;
		};
/* End PBXFrameworksBuildPhase section */

/* Begin PBXGroup section */
		8B3E649A23EAE62D00B28168 = {
			isa = PBXGroup;
			children = (
				8B451E0023F42F3C0056EF3E /* Configs */,
				8B3E64A523EAE62D00B28168 /* ActionStatus */,
				8B3E64BC23EAE62E00B28168 /* ActionStatusTests */,
				8B3E64C723EAE62F00B28168 /* ActionStatusUITests */,
				8B3E64A423EAE62D00B28168 /* Products */,
			);
			sourceTree = "<group>";
		};
		8B3E64A423EAE62D00B28168 /* Products */ = {
			isa = PBXGroup;
			children = (
				8B3E64A323EAE62D00B28168 /* ActionStatus.app */,
				8B3E64B923EAE62E00B28168 /* ActionStatusTests.xctest */,
				8B3E64C423EAE62F00B28168 /* ActionStatusUITests.xctest */,
			);
			name = Products;
			sourceTree = "<group>";
		};
		8B3E64A523EAE62D00B28168 /* ActionStatus */ = {
			isa = PBXGroup;
			children = (
				8B3E64A623EAE62D00B28168 /* AppDelegate.swift */,
				8B3E64A823EAE62D00B28168 /* SceneDelegate.swift */,
				8B3E64AA23EAE62D00B28168 /* ContentView.swift */,
				8B451DFB23F415E10056EF3E /* Repo.swift */,
				8B3E64AC23EAE62E00B28168 /* Assets.xcassets */,
				8B3E64B123EAE62E00B28168 /* LaunchScreen.storyboard */,
				8B3E64B423EAE62E00B28168 /* Info.plist */,
				8B3E64AE23EAE62E00B28168 /* Preview Content */,
			);
			path = ActionStatus;
			sourceTree = "<group>";
		};
		8B3E64AE23EAE62E00B28168 /* Preview Content */ = {
			isa = PBXGroup;
			children = (
				8B3E64AF23EAE62E00B28168 /* Preview Assets.xcassets */,
			);
			path = "Preview Content";
			sourceTree = "<group>";
		};
		8B3E64BC23EAE62E00B28168 /* ActionStatusTests */ = {
			isa = PBXGroup;
			children = (
				8B3E64BD23EAE62E00B28168 /* ActionStatusTests.swift */,
				8B3E64BF23EAE62E00B28168 /* Info.plist */,
			);
			path = ActionStatusTests;
			sourceTree = "<group>";
		};
		8B3E64C723EAE62F00B28168 /* ActionStatusUITests */ = {
			isa = PBXGroup;
			children = (
				8B3E64C823EAE62F00B28168 /* ActionStatusUITests.swift */,
				8B3E64CA23EAE62F00B28168 /* Info.plist */,
			);
			path = ActionStatusUITests;
			sourceTree = "<group>";
		};
		8B451E0023F42F3C0056EF3E /* Configs */ = {
			isa = PBXGroup;
			children = (
				8B451E0223F42F960056EF3E /* ActionStatus.xcconfig */,
				8B451E0123F42F3C0056EF3E /* BuildNumber.xcconfig */,
			);
			path = Configs;
			sourceTree = "<group>";
		};
/* End PBXGroup section */

/* Begin PBXNativeTarget section */
		8B3E64A223EAE62D00B28168 /* ActionStatus */ = {
			isa = PBXNativeTarget;
			buildConfigurationList = 8B3E64CD23EAE62F00B28168 /* Build configuration list for PBXNativeTarget "ActionStatus" */;
			buildPhases = (
				8B3E649F23EAE62D00B28168 /* Sources */,
				8B3E64A023EAE62D00B28168 /* Frameworks */,
				8B3E64A123EAE62D00B28168 /* Resources */,
			);
			buildRules = (
			);
			dependencies = (
				8B451DFF23F42C6D0056EF3E /* PBXTargetDependency */,
			);
			name = ActionStatus;
			productName = GithubStatus;
			productReference = 8B3E64A323EAE62D00B28168 /* ActionStatus.app */;
			productType = "com.apple.product-type.application";
		};
		8B3E64B823EAE62E00B28168 /* ActionStatusTests */ = {
			isa = PBXNativeTarget;
			buildConfigurationList = 8B3E64D023EAE62F00B28168 /* Build configuration list for PBXNativeTarget "ActionStatusTests" */;
			buildPhases = (
				8B3E64B523EAE62E00B28168 /* Sources */,
				8B3E64B623EAE62E00B28168 /* Frameworks */,
				8B3E64B723EAE62E00B28168 /* Resources */,
			);
			buildRules = (
			);
			dependencies = (
				8B3E64BB23EAE62E00B28168 /* PBXTargetDependency */,
			);
			name = ActionStatusTests;
			productName = GithubStatusTests;
			productReference = 8B3E64B923EAE62E00B28168 /* ActionStatusTests.xctest */;
			productType = "com.apple.product-type.bundle.unit-test";
		};
		8B3E64C323EAE62F00B28168 /* ActionStatusUITests */ = {
			isa = PBXNativeTarget;
			buildConfigurationList = 8B3E64D323EAE62F00B28168 /* Build configuration list for PBXNativeTarget "ActionStatusUITests" */;
			buildPhases = (
				8B3E64C023EAE62F00B28168 /* Sources */,
				8B3E64C123EAE62F00B28168 /* Frameworks */,
				8B3E64C223EAE62F00B28168 /* Resources */,
			);
			buildRules = (
			);
			dependencies = (
				8B3E64C623EAE62F00B28168 /* PBXTargetDependency */,
			);
			name = ActionStatusUITests;
			productName = GithubStatusUITests;
			productReference = 8B3E64C423EAE62F00B28168 /* ActionStatusUITests.xctest */;
			productType = "com.apple.product-type.bundle.ui-testing";
		};
/* End PBXNativeTarget section */

/* Begin PBXProject section */
		8B3E649B23EAE62D00B28168 /* Project object */ = {
			isa = PBXProject;
			attributes = {
				LastSwiftUpdateCheck = 1130;
				LastUpgradeCheck = 1130;
				ORGANIZATIONNAME = "Elegant Chaos";
				TargetAttributes = {
					8B3E64A223EAE62D00B28168 = {
						CreatedOnToolsVersion = 11.3.1;
					};
					8B3E64B823EAE62E00B28168 = {
						CreatedOnToolsVersion = 11.3.1;
						TestTargetID = 8B3E64A223EAE62D00B28168;
					};
					8B3E64C323EAE62F00B28168 = {
						CreatedOnToolsVersion = 11.3.1;
						TestTargetID = 8B3E64A223EAE62D00B28168;
					};
				};
			};
			buildConfigurationList = 8B3E649E23EAE62D00B28168 /* Build configuration list for PBXProject "ActionStatus" */;
			compatibilityVersion = "Xcode 9.3";
			developmentRegion = en;
			hasScannedForEncodings = 0;
			knownRegions = (
				en,
				Base,
			);
			mainGroup = 8B3E649A23EAE62D00B28168;
			packageReferences = (
				8B451DFD23F42C1A0056EF3E /* XCRemoteSwiftPackageReference "ReleaseTools" */,
			);
			productRefGroup = 8B3E64A423EAE62D00B28168 /* Products */;
			projectDirPath = "";
			projectRoot = "";
			targets = (
				8B3E64A223EAE62D00B28168 /* ActionStatus */,
				8B3E64B823EAE62E00B28168 /* ActionStatusTests */,
				8B3E64C323EAE62F00B28168 /* ActionStatusUITests */,
			);
		};
/* End PBXProject section */

/* Begin PBXResourcesBuildPhase section */
		8B3E64A123EAE62D00B28168 /* Resources */ = {
			isa = PBXResourcesBuildPhase;
			buildActionMask = 2147483647;
			files = (
				8B3E64B323EAE62E00B28168 /* LaunchScreen.storyboard in Resources */,
				8B3E64B023EAE62E00B28168 /* Preview Assets.xcassets in Resources */,
				8B3E64AD23EAE62E00B28168 /* Assets.xcassets in Resources */,
			);
			runOnlyForDeploymentPostprocessing = 0;
		};
		8B3E64B723EAE62E00B28168 /* Resources */ = {
			isa = PBXResourcesBuildPhase;
			buildActionMask = 2147483647;
			files = (
			);
			runOnlyForDeploymentPostprocessing = 0;
		};
		8B3E64C223EAE62F00B28168 /* Resources */ = {
			isa = PBXResourcesBuildPhase;
			buildActionMask = 2147483647;
			files = (
			);
			runOnlyForDeploymentPostprocessing = 0;
		};
/* End PBXResourcesBuildPhase section */

/* Begin PBXSourcesBuildPhase section */
		8B3E649F23EAE62D00B28168 /* Sources */ = {
			isa = PBXSourcesBuildPhase;
			buildActionMask = 2147483647;
			files = (
				8B3E64A723EAE62D00B28168 /* AppDelegate.swift in Sources */,
				8B3E64A923EAE62D00B28168 /* SceneDelegate.swift in Sources */,
				8B451DFC23F415E10056EF3E /* Repo.swift in Sources */,
				8B3E64AB23EAE62D00B28168 /* ContentView.swift in Sources */,
			);
			runOnlyForDeploymentPostprocessing = 0;
		};
		8B3E64B523EAE62E00B28168 /* Sources */ = {
			isa = PBXSourcesBuildPhase;
			buildActionMask = 2147483647;
			files = (
				8B3E64BE23EAE62E00B28168 /* ActionStatusTests.swift in Sources */,
			);
			runOnlyForDeploymentPostprocessing = 0;
		};
		8B3E64C023EAE62F00B28168 /* Sources */ = {
			isa = PBXSourcesBuildPhase;
			buildActionMask = 2147483647;
			files = (
				8B3E64C923EAE62F00B28168 /* ActionStatusUITests.swift in Sources */,
			);
			runOnlyForDeploymentPostprocessing = 0;
		};
/* End PBXSourcesBuildPhase section */

/* Begin PBXTargetDependency section */
		8B3E64BB23EAE62E00B28168 /* PBXTargetDependency */ = {
			isa = PBXTargetDependency;
			target = 8B3E64A223EAE62D00B28168 /* ActionStatus */;
			targetProxy = 8B3E64BA23EAE62E00B28168 /* PBXContainerItemProxy */;
		};
		8B3E64C623EAE62F00B28168 /* PBXTargetDependency */ = {
			isa = PBXTargetDependency;
			target = 8B3E64A223EAE62D00B28168 /* ActionStatus */;
			targetProxy = 8B3E64C523EAE62F00B28168 /* PBXContainerItemProxy */;
		};
		8B451DFF23F42C6D0056EF3E /* PBXTargetDependency */ = {
			isa = PBXTargetDependency;
			productRef = 8B451DFE23F42C6D0056EF3E /* rt */;
		};
/* End PBXTargetDependency section */

/* Begin PBXVariantGroup section */
		8B3E64B123EAE62E00B28168 /* LaunchScreen.storyboard */ = {
			isa = PBXVariantGroup;
			children = (
				8B3E64B223EAE62E00B28168 /* Base */,
			);
			name = LaunchScreen.storyboard;
			sourceTree = "<group>";
		};
/* End PBXVariantGroup section */

/* Begin XCBuildConfiguration section */
		8B3E64CB23EAE62F00B28168 /* Debug */ = {
			isa = XCBuildConfiguration;
			baseConfigurationReference = 8B451E0223F42F960056EF3E /* ActionStatus.xcconfig */;
			buildSettings = {
				ALWAYS_SEARCH_USER_PATHS = NO;
				CLANG_ANALYZER_NONNULL = YES;
				CLANG_ANALYZER_NUMBER_OBJECT_CONVERSION = YES_AGGRESSIVE;
				CLANG_CXX_LANGUAGE_STANDARD = "gnu++14";
				CLANG_CXX_LIBRARY = "libc++";
				CLANG_ENABLE_MODULES = YES;
				CLANG_ENABLE_OBJC_ARC = YES;
				CLANG_ENABLE_OBJC_WEAK = YES;
				CLANG_WARN_BLOCK_CAPTURE_AUTORELEASING = YES;
				CLANG_WARN_BOOL_CONVERSION = YES;
				CLANG_WARN_COMMA = YES;
				CLANG_WARN_CONSTANT_CONVERSION = YES;
				CLANG_WARN_DEPRECATED_OBJC_IMPLEMENTATIONS = YES;
				CLANG_WARN_DIRECT_OBJC_ISA_USAGE = YES_ERROR;
				CLANG_WARN_DOCUMENTATION_COMMENTS = YES;
				CLANG_WARN_EMPTY_BODY = YES;
				CLANG_WARN_ENUM_CONVERSION = YES;
				CLANG_WARN_INFINITE_RECURSION = YES;
				CLANG_WARN_INT_CONVERSION = YES;
				CLANG_WARN_NON_LITERAL_NULL_CONVERSION = YES;
				CLANG_WARN_OBJC_IMPLICIT_RETAIN_SELF = YES;
				CLANG_WARN_OBJC_LITERAL_CONVERSION = YES;
				CLANG_WARN_OBJC_ROOT_CLASS = YES_ERROR;
				CLANG_WARN_RANGE_LOOP_ANALYSIS = YES;
				CLANG_WARN_STRICT_PROTOTYPES = YES;
				CLANG_WARN_SUSPICIOUS_MOVE = YES;
				CLANG_WARN_UNGUARDED_AVAILABILITY = YES_AGGRESSIVE;
				CLANG_WARN_UNREACHABLE_CODE = YES;
				CLANG_WARN__DUPLICATE_METHOD_MATCH = YES;
				COPY_PHASE_STRIP = NO;
				DEBUG_INFORMATION_FORMAT = dwarf;
				ENABLE_STRICT_OBJC_MSGSEND = YES;
				ENABLE_TESTABILITY = YES;
				GCC_C_LANGUAGE_STANDARD = gnu11;
				GCC_DYNAMIC_NO_PIC = NO;
				GCC_NO_COMMON_BLOCKS = YES;
				GCC_OPTIMIZATION_LEVEL = 0;
				GCC_PREPROCESSOR_DEFINITIONS = (
					"DEBUG=1",
					"$(inherited)",
				);
				GCC_WARN_64_TO_32_BIT_CONVERSION = YES;
				GCC_WARN_ABOUT_RETURN_TYPE = YES_ERROR;
				GCC_WARN_UNDECLARED_SELECTOR = YES;
				GCC_WARN_UNINITIALIZED_AUTOS = YES_AGGRESSIVE;
				GCC_WARN_UNUSED_FUNCTION = YES;
				GCC_WARN_UNUSED_VARIABLE = YES;
				IPHONEOS_DEPLOYMENT_TARGET = 13.2;
				MTL_ENABLE_DEBUG_INFO = INCLUDE_SOURCE;
				MTL_FAST_MATH = YES;
				ONLY_ACTIVE_ARCH = YES;
				SDKROOT = iphoneos;
				SWIFT_ACTIVE_COMPILATION_CONDITIONS = DEBUG;
				SWIFT_OPTIMIZATION_LEVEL = "-Onone";
			};
			name = Debug;
		};
		8B3E64CC23EAE62F00B28168 /* Release */ = {
			isa = XCBuildConfiguration;
			baseConfigurationReference = 8B451E0223F42F960056EF3E /* ActionStatus.xcconfig */;
			buildSettings = {
				ALWAYS_SEARCH_USER_PATHS = NO;
				CLANG_ANALYZER_NONNULL = YES;
				CLANG_ANALYZER_NUMBER_OBJECT_CONVERSION = YES_AGGRESSIVE;
				CLANG_CXX_LANGUAGE_STANDARD = "gnu++14";
				CLANG_CXX_LIBRARY = "libc++";
				CLANG_ENABLE_MODULES = YES;
				CLANG_ENABLE_OBJC_ARC = YES;
				CLANG_ENABLE_OBJC_WEAK = YES;
				CLANG_WARN_BLOCK_CAPTURE_AUTORELEASING = YES;
				CLANG_WARN_BOOL_CONVERSION = YES;
				CLANG_WARN_COMMA = YES;
				CLANG_WARN_CONSTANT_CONVERSION = YES;
				CLANG_WARN_DEPRECATED_OBJC_IMPLEMENTATIONS = YES;
				CLANG_WARN_DIRECT_OBJC_ISA_USAGE = YES_ERROR;
				CLANG_WARN_DOCUMENTATION_COMMENTS = YES;
				CLANG_WARN_EMPTY_BODY = YES;
				CLANG_WARN_ENUM_CONVERSION = YES;
				CLANG_WARN_INFINITE_RECURSION = YES;
				CLANG_WARN_INT_CONVERSION = YES;
				CLANG_WARN_NON_LITERAL_NULL_CONVERSION = YES;
				CLANG_WARN_OBJC_IMPLICIT_RETAIN_SELF = YES;
				CLANG_WARN_OBJC_LITERAL_CONVERSION = YES;
				CLANG_WARN_OBJC_ROOT_CLASS = YES_ERROR;
				CLANG_WARN_RANGE_LOOP_ANALYSIS = YES;
				CLANG_WARN_STRICT_PROTOTYPES = YES;
				CLANG_WARN_SUSPICIOUS_MOVE = YES;
				CLANG_WARN_UNGUARDED_AVAILABILITY = YES_AGGRESSIVE;
				CLANG_WARN_UNREACHABLE_CODE = YES;
				CLANG_WARN__DUPLICATE_METHOD_MATCH = YES;
				COPY_PHASE_STRIP = NO;
				DEBUG_INFORMATION_FORMAT = "dwarf-with-dsym";
				ENABLE_NS_ASSERTIONS = NO;
				ENABLE_STRICT_OBJC_MSGSEND = YES;
				GCC_C_LANGUAGE_STANDARD = gnu11;
				GCC_NO_COMMON_BLOCKS = YES;
				GCC_WARN_64_TO_32_BIT_CONVERSION = YES;
				GCC_WARN_ABOUT_RETURN_TYPE = YES_ERROR;
				GCC_WARN_UNDECLARED_SELECTOR = YES;
				GCC_WARN_UNINITIALIZED_AUTOS = YES_AGGRESSIVE;
				GCC_WARN_UNUSED_FUNCTION = YES;
				GCC_WARN_UNUSED_VARIABLE = YES;
				IPHONEOS_DEPLOYMENT_TARGET = 13.2;
				MTL_ENABLE_DEBUG_INFO = NO;
				MTL_FAST_MATH = YES;
				SDKROOT = iphoneos;
				SWIFT_COMPILATION_MODE = wholemodule;
				SWIFT_OPTIMIZATION_LEVEL = "-O";
				VALIDATE_PRODUCT = YES;
			};
			name = Release;
		};
		8B3E64CE23EAE62F00B28168 /* Debug */ = {
			isa = XCBuildConfiguration;
			buildSettings = {
				ASSETCATALOG_COMPILER_APPICON_NAME = AppIcon;
				CODE_SIGN_STYLE = Automatic;
				DEVELOPMENT_ASSET_PATHS = "\"$(TARGET_NAME)/Preview Content\"";
				DEVELOPMENT_TEAM = 2H48644JM2;
				ENABLE_PREVIEWS = YES;
				INFOPLIST_FILE = "$(TARGET_NAME)/Info.plist";
				LD_RUNPATH_SEARCH_PATHS = (
					"$(inherited)",
					"@executable_path/Frameworks",
				);
				PRODUCT_BUNDLE_IDENTIFIER = com.elegantchaos.actionstatus;
				PRODUCT_NAME = "$(TARGET_NAME)";
				SWIFT_VERSION = 5.0;
				TARGETED_DEVICE_FAMILY = "1,2";
			};
			name = Debug;
		};
		8B3E64CF23EAE62F00B28168 /* Release */ = {
			isa = XCBuildConfiguration;
			buildSettings = {
				ASSETCATALOG_COMPILER_APPICON_NAME = AppIcon;
				CODE_SIGN_STYLE = Automatic;
				DEVELOPMENT_ASSET_PATHS = "\"$(TARGET_NAME)/Preview Content\"";
				DEVELOPMENT_TEAM = 2H48644JM2;
				ENABLE_PREVIEWS = YES;
				INFOPLIST_FILE = "$(TARGET_NAME)/Info.plist";
				LD_RUNPATH_SEARCH_PATHS = (
					"$(inherited)",
					"@executable_path/Frameworks",
				);
				PRODUCT_BUNDLE_IDENTIFIER = com.elegantchaos.actionstatus;
				PRODUCT_NAME = "$(TARGET_NAME)";
				SWIFT_VERSION = 5.0;
				TARGETED_DEVICE_FAMILY = "1,2";
			};
			name = Release;
		};
		8B3E64D123EAE62F00B28168 /* Debug */ = {
			isa = XCBuildConfiguration;
			buildSettings = {
				ALWAYS_EMBED_SWIFT_STANDARD_LIBRARIES = YES;
				BUNDLE_LOADER = "$(TEST_HOST)";
				CODE_SIGN_STYLE = Automatic;
				DEVELOPMENT_TEAM = 2H48644JM2;
				INFOPLIST_FILE = GithubStatusTests/Info.plist;
				IPHONEOS_DEPLOYMENT_TARGET = 13.2;
				LD_RUNPATH_SEARCH_PATHS = (
					"$(inherited)",
					"@executable_path/Frameworks",
					"@loader_path/Frameworks",
				);
				PRODUCT_BUNDLE_IDENTIFIER = com.elegantchaos.GithubStatusTests;
				PRODUCT_NAME = "$(TARGET_NAME)";
				SWIFT_VERSION = 5.0;
				TARGETED_DEVICE_FAMILY = "1,2";
				TEST_HOST = "$(BUILT_PRODUCTS_DIR)/GithubStatus.app/GithubStatus";
			};
			name = Debug;
		};
		8B3E64D223EAE62F00B28168 /* Release */ = {
			isa = XCBuildConfiguration;
			buildSettings = {
				ALWAYS_EMBED_SWIFT_STANDARD_LIBRARIES = YES;
				BUNDLE_LOADER = "$(TEST_HOST)";
				CODE_SIGN_STYLE = Automatic;
				DEVELOPMENT_TEAM = 2H48644JM2;
				INFOPLIST_FILE = GithubStatusTests/Info.plist;
				IPHONEOS_DEPLOYMENT_TARGET = 13.2;
				LD_RUNPATH_SEARCH_PATHS = (
					"$(inherited)",
					"@executable_path/Frameworks",
					"@loader_path/Frameworks",
				);
				PRODUCT_BUNDLE_IDENTIFIER = com.elegantchaos.GithubStatusTests;
				PRODUCT_NAME = "$(TARGET_NAME)";
				SWIFT_VERSION = 5.0;
				TARGETED_DEVICE_FAMILY = "1,2";
				TEST_HOST = "$(BUILT_PRODUCTS_DIR)/GithubStatus.app/GithubStatus";
			};
			name = Release;
		};
		8B3E64D423EAE62F00B28168 /* Debug */ = {
			isa = XCBuildConfiguration;
			buildSettings = {
				ALWAYS_EMBED_SWIFT_STANDARD_LIBRARIES = YES;
				CODE_SIGN_STYLE = Automatic;
				DEVELOPMENT_TEAM = 2H48644JM2;
				INFOPLIST_FILE = GithubStatusUITests/Info.plist;
				LD_RUNPATH_SEARCH_PATHS = (
					"$(inherited)",
					"@executable_path/Frameworks",
					"@loader_path/Frameworks",
				);
				PRODUCT_BUNDLE_IDENTIFIER = com.elegantchaos.GithubStatusUITests;
				PRODUCT_NAME = "$(TARGET_NAME)";
				SWIFT_VERSION = 5.0;
				TARGETED_DEVICE_FAMILY = "1,2";
				TEST_TARGET_NAME = GithubStatus;
			};
			name = Debug;
		};
		8B3E64D523EAE62F00B28168 /* Release */ = {
			isa = XCBuildConfiguration;
			buildSettings = {
				ALWAYS_EMBED_SWIFT_STANDARD_LIBRARIES = YES;
				CODE_SIGN_STYLE = Automatic;
				DEVELOPMENT_TEAM = 2H48644JM2;
				INFOPLIST_FILE = GithubStatusUITests/Info.plist;
				LD_RUNPATH_SEARCH_PATHS = (
					"$(inherited)",
					"@executable_path/Frameworks",
					"@loader_path/Frameworks",
				);
				PRODUCT_BUNDLE_IDENTIFIER = com.elegantchaos.GithubStatusUITests;
				PRODUCT_NAME = "$(TARGET_NAME)";
				SWIFT_VERSION = 5.0;
				TARGETED_DEVICE_FAMILY = "1,2";
				TEST_TARGET_NAME = GithubStatus;
			};
			name = Release;
		};
/* End XCBuildConfiguration section */

/* Begin XCConfigurationList section */
		8B3E649E23EAE62D00B28168 /* Build configuration list for PBXProject "ActionStatus" */ = {
			isa = XCConfigurationList;
			buildConfigurations = (
				8B3E64CB23EAE62F00B28168 /* Debug */,
				8B3E64CC23EAE62F00B28168 /* Release */,
			);
			defaultConfigurationIsVisible = 0;
			defaultConfigurationName = Release;
		};
		8B3E64CD23EAE62F00B28168 /* Build configuration list for PBXNativeTarget "ActionStatus" */ = {
			isa = XCConfigurationList;
			buildConfigurations = (
				8B3E64CE23EAE62F00B28168 /* Debug */,
				8B3E64CF23EAE62F00B28168 /* Release */,
			);
			defaultConfigurationIsVisible = 0;
			defaultConfigurationName = Release;
		};
		8B3E64D023EAE62F00B28168 /* Build configuration list for PBXNativeTarget "ActionStatusTests" */ = {
			isa = XCConfigurationList;
			buildConfigurations = (
				8B3E64D123EAE62F00B28168 /* Debug */,
				8B3E64D223EAE62F00B28168 /* Release */,
			);
			defaultConfigurationIsVisible = 0;
			defaultConfigurationName = Release;
		};
		8B3E64D323EAE62F00B28168 /* Build configuration list for PBXNativeTarget "ActionStatusUITests" */ = {
			isa = XCConfigurationList;
			buildConfigurations = (
				8B3E64D423EAE62F00B28168 /* Debug */,
				8B3E64D523EAE62F00B28168 /* Release */,
			);
			defaultConfigurationIsVisible = 0;
			defaultConfigurationName = Release;
		};
/* End XCConfigurationList section */

/* Begin XCRemoteSwiftPackageReference section */
		8B451DFD23F42C1A0056EF3E /* XCRemoteSwiftPackageReference "ReleaseTools" */ = {
			isa = XCRemoteSwiftPackageReference;
			repositoryURL = "https://github.com/elegantchaos/ReleaseTools.git";
			requirement = {
				kind = upToNextMajorVersion;
				minimumVersion = 1.0.3;
			};
		};
/* End XCRemoteSwiftPackageReference section */

/* Begin XCSwiftPackageProductDependency section */
		8B451DFE23F42C6D0056EF3E /* rt */ = {
			isa = XCSwiftPackageProductDependency;
			package = 8B451DFD23F42C1A0056EF3E /* XCRemoteSwiftPackageReference "ReleaseTools" */;
			productName = rt;
		};
/* End XCSwiftPackageProductDependency section */
	};
	rootObject = 8B3E649B23EAE62D00B28168 /* Project object */;
}
