// !$*UTF8*$!
{
	archiveVersion = 1;
	classes = {
	};
	objectVersion = 52;
	objects = {

/* Begin PBXBuildFile section */
		8B2F0ABB23FC195800B2E62A /* InterceptingDelegate.m in Sources */ = {isa = PBXBuildFile; fileRef = 8B2F0ABA23FC195800B2E62A /* InterceptingDelegate.m */; };
		8B2F0ABD23FC2FA400B2E62A /* Settings.bundle in Resources */ = {isa = PBXBuildFile; fileRef = 8B2F0ABC23FC2FA400B2E62A /* Settings.bundle */; };
		8B3E64A723EAE62D00B28168 /* AppDelegate.swift in Sources */ = {isa = PBXBuildFile; fileRef = 8B3E64A623EAE62D00B28168 /* AppDelegate.swift */; };
		8B3E64A923EAE62D00B28168 /* SceneDelegate.swift in Sources */ = {isa = PBXBuildFile; fileRef = 8B3E64A823EAE62D00B28168 /* SceneDelegate.swift */; };
		8B3E64AB23EAE62D00B28168 /* ContentView.swift in Sources */ = {isa = PBXBuildFile; fileRef = 8B3E64AA23EAE62D00B28168 /* ContentView.swift */; };
		8B3E64B023EAE62E00B28168 /* Preview Assets.xcassets in Resources */ = {isa = PBXBuildFile; fileRef = 8B3E64AF23EAE62E00B28168 /* Preview Assets.xcassets */; };
		8B3E64B323EAE62E00B28168 /* LaunchScreen.storyboard in Resources */ = {isa = PBXBuildFile; fileRef = 8B3E64B123EAE62E00B28168 /* LaunchScreen.storyboard */; };
		8B3E64BE23EAE62E00B28168 /* ActionStatusTests.swift in Sources */ = {isa = PBXBuildFile; fileRef = 8B3E64BD23EAE62E00B28168 /* ActionStatusTests.swift */; };
		8B3E64C923EAE62F00B28168 /* ActionStatusUITests.swift in Sources */ = {isa = PBXBuildFile; fileRef = 8B3E64C823EAE62F00B28168 /* ActionStatusUITests.swift */; };
		8B430E7E23F586830050BF2A /* ContentView.swift in Sources */ = {isa = PBXBuildFile; fileRef = 8B3E64AA23EAE62D00B28168 /* ContentView.swift */; };
		8B430E8023F586830050BF2A /* RepoEditView.swift in Sources */ = {isa = PBXBuildFile; fileRef = 8B6F181723F459570029F9CC /* RepoEditView.swift */; };
		8B430E8123F586830050BF2A /* Repo.swift in Sources */ = {isa = PBXBuildFile; fileRef = 8B451DFB23F415E10056EF3E /* Repo.swift */; };
		8B430E8223F586830050BF2A /* RepoSet.swift in Sources */ = {isa = PBXBuildFile; fileRef = 8B9B2DB123F452B00087283B /* RepoSet.swift */; };
		8B430E8423F5877D0050BF2A /* LaunchScreen.storyboard in Resources */ = {isa = PBXBuildFile; fileRef = 8B430E7523F586110050BF2A /* LaunchScreen.storyboard */; };
		8B430E8523F587830050BF2A /* AppDelegate.swift in Sources */ = {isa = PBXBuildFile; fileRef = 8B430E6C23F586100050BF2A /* AppDelegate.swift */; };
		8B430E8723F587E30050BF2A /* AppCommon.swift in Sources */ = {isa = PBXBuildFile; fileRef = 8B430E8623F587E30050BF2A /* AppCommon.swift */; };
		8B430E8823F587E60050BF2A /* AppCommon.swift in Sources */ = {isa = PBXBuildFile; fileRef = 8B430E8623F587E30050BF2A /* AppCommon.swift */; };
		8B430E8E23F58AE10050BF2A /* Assets.xcassets in Resources */ = {isa = PBXBuildFile; fileRef = 8B3E64AC23EAE62E00B28168 /* Assets.xcassets */; };
		8B430E8F23F58CEE0050BF2A /* Preview Assets.xcassets in Resources */ = {isa = PBXBuildFile; fileRef = 8B3E64AF23EAE62E00B28168 /* Preview Assets.xcassets */; };
		8B430E9123F5947E0050BF2A /* Assets.xcassets in Resources */ = {isa = PBXBuildFile; fileRef = 8B3E64AC23EAE62E00B28168 /* Assets.xcassets */; };
		8B451DFC23F415E10056EF3E /* Repo.swift in Sources */ = {isa = PBXBuildFile; fileRef = 8B451DFB23F415E10056EF3E /* Repo.swift */; };
		8B5B175423FAE7E800DD2AF5 /* pre-archive.sh in Resources */ = {isa = PBXBuildFile; fileRef = 8B522FA623F6ED390020AD36 /* pre-archive.sh */; };
		8B5B175623FAE7E800DD2AF5 /* pre-archive.sh in Resources */ = {isa = PBXBuildFile; fileRef = 8B522FA623F6ED390020AD36 /* pre-archive.sh */; };
		8B5B175723FAE7E800DD2AF5 /* pre-build.sh in Resources */ = {isa = PBXBuildFile; fileRef = 8B522FA723F6ED390020AD36 /* pre-build.sh */; };
		8B5B175923FAE7E800DD2AF5 /* pre-build.sh in Resources */ = {isa = PBXBuildFile; fileRef = 8B522FA723F6ED390020AD36 /* pre-build.sh */; };
		8B5B175C23FAEB8200DD2AF5 /* SwiftUIExtensions in Frameworks */ = {isa = PBXBuildFile; productRef = 8B5B175B23FAEB8200DD2AF5 /* SwiftUIExtensions */; };
		8B5B175E23FAEBD300DD2AF5 /* SwiftUIExtensions in Frameworks */ = {isa = PBXBuildFile; productRef = 8B5B175D23FAEBD300DD2AF5 /* SwiftUIExtensions */; };
		8B5D864623FD3F720085A570 /* ApplicationExtensions in Frameworks */ = {isa = PBXBuildFile; productRef = 8B5D864523FD3F720085A570 /* ApplicationExtensions */; };
		8B5D864823FD52550085A570 /* ComposeView.swift in Sources */ = {isa = PBXBuildFile; fileRef = 8B5D864723FD52550085A570 /* ComposeView.swift */; };
		8B5D864923FD54160085A570 /* ComposeView.swift in Sources */ = {isa = PBXBuildFile; fileRef = 8B5D864723FD52550085A570 /* ComposeView.swift */; };
		8B5E7E8923F6BB5100087E15 /* AppKitBridge.bundle in Resources */ = {isa = PBXBuildFile; fileRef = 8B5E7E8323F6BB3500087E15 /* AppKitBridge.bundle */; platformFilter = maccatalyst; };
		8B5E7E8D23F6BB8900087E15 /* AppKitBridge.swift in Sources */ = {isa = PBXBuildFile; fileRef = 8B5E7E8C23F6BB8900087E15 /* AppKitBridge.swift */; };
		8B6F181823F459570029F9CC /* RepoEditView.swift in Sources */ = {isa = PBXBuildFile; fileRef = 8B6F181723F459570029F9CC /* RepoEditView.swift */; };
		8B880FE423FD7E000068C3FF /* BindingsExtensions in Frameworks */ = {isa = PBXBuildFile; productRef = 8B880FE323FD7E000068C3FF /* BindingsExtensions */; };
		8B9B2DB223F452B00087283B /* RepoSet.swift in Sources */ = {isa = PBXBuildFile; fileRef = 8B9B2DB123F452B00087283B /* RepoSet.swift */; };
/* End PBXBuildFile section */

/* Begin PBXContainerItemProxy section */
		8B3E64BA23EAE62E00B28168 /* PBXContainerItemProxy */ = {
			isa = PBXContainerItemProxy;
			containerPortal = 8B3E649B23EAE62D00B28168 /* Project object */;
			proxyType = 1;
			remoteGlobalIDString = 8B3E64A223EAE62D00B28168;
			remoteInfo = GithubStatus;
		};
		8B3E64C523EAE62F00B28168 /* PBXContainerItemProxy */ = {
			isa = PBXContainerItemProxy;
			containerPortal = 8B3E649B23EAE62D00B28168 /* Project object */;
			proxyType = 1;
			remoteGlobalIDString = 8B3E64A223EAE62D00B28168;
			remoteInfo = GithubStatus;
		};
		8B5E7E8A23F6BB6100087E15 /* PBXContainerItemProxy */ = {
			isa = PBXContainerItemProxy;
			containerPortal = 8B3E649B23EAE62D00B28168 /* Project object */;
			proxyType = 1;
			remoteGlobalIDString = 8B5E7E8223F6BB3500087E15;
			remoteInfo = AppKitBridge;
		};
/* End PBXContainerItemProxy section */

/* Begin PBXCopyFilesBuildPhase section */
		8B5E7E7E23F6BAC800087E15 /* Embed Frameworks */ = {
			isa = PBXCopyFilesBuildPhase;
			buildActionMask = 2147483647;
			dstPath = "";
			dstSubfolderSpec = 10;
			files = (
			);
			name = "Embed Frameworks";
			runOnlyForDeploymentPostprocessing = 0;
		};
/* End PBXCopyFilesBuildPhase section */

/* Begin PBXFileReference section */
		8B2F0AB923FC195700B2E62A /* InterceptingDelegate.h */ = {isa = PBXFileReference; fileEncoding = 4; lastKnownFileType = sourcecode.c.h; path = InterceptingDelegate.h; sourceTree = "<group>"; };
		8B2F0ABA23FC195800B2E62A /* InterceptingDelegate.m */ = {isa = PBXFileReference; fileEncoding = 4; lastKnownFileType = sourcecode.c.objc; path = InterceptingDelegate.m; sourceTree = "<group>"; };
		8B2F0ABC23FC2FA400B2E62A /* Settings.bundle */ = {isa = PBXFileReference; lastKnownFileType = "wrapper.plug-in"; path = Settings.bundle; sourceTree = "<group>"; };
		8B3E64A323EAE62D00B28168 /* Action Status.app */ = {isa = PBXFileReference; explicitFileType = wrapper.application; includeInIndex = 0; path = "Action Status.app"; sourceTree = BUILT_PRODUCTS_DIR; };
		8B3E64A623EAE62D00B28168 /* AppDelegate.swift */ = {isa = PBXFileReference; lastKnownFileType = sourcecode.swift; path = AppDelegate.swift; sourceTree = "<group>"; };
		8B3E64A823EAE62D00B28168 /* SceneDelegate.swift */ = {isa = PBXFileReference; lastKnownFileType = sourcecode.swift; path = SceneDelegate.swift; sourceTree = "<group>"; };
		8B3E64AA23EAE62D00B28168 /* ContentView.swift */ = {isa = PBXFileReference; lastKnownFileType = sourcecode.swift; path = ContentView.swift; sourceTree = "<group>"; };
		8B3E64AC23EAE62E00B28168 /* Assets.xcassets */ = {isa = PBXFileReference; lastKnownFileType = folder.assetcatalog; path = Assets.xcassets; sourceTree = "<group>"; };
		8B3E64AF23EAE62E00B28168 /* Preview Assets.xcassets */ = {isa = PBXFileReference; lastKnownFileType = folder.assetcatalog; path = "Preview Assets.xcassets"; sourceTree = "<group>"; };
		8B3E64B223EAE62E00B28168 /* Base */ = {isa = PBXFileReference; lastKnownFileType = file.storyboard; name = Base; path = Base.lproj/LaunchScreen.storyboard; sourceTree = "<group>"; };
		8B3E64B423EAE62E00B28168 /* Info.plist */ = {isa = PBXFileReference; lastKnownFileType = text.plist.xml; path = Info.plist; sourceTree = "<group>"; };
		8B3E64B923EAE62E00B28168 /* Action Status.xctest */ = {isa = PBXFileReference; explicitFileType = wrapper.cfbundle; includeInIndex = 0; path = "Action Status.xctest"; sourceTree = BUILT_PRODUCTS_DIR; };
		8B3E64BD23EAE62E00B28168 /* ActionStatusTests.swift */ = {isa = PBXFileReference; lastKnownFileType = sourcecode.swift; path = ActionStatusTests.swift; sourceTree = "<group>"; };
		8B3E64BF23EAE62E00B28168 /* Info.plist */ = {isa = PBXFileReference; lastKnownFileType = text.plist.xml; path = Info.plist; sourceTree = "<group>"; };
		8B3E64C423EAE62F00B28168 /* Action Status.xctest */ = {isa = PBXFileReference; explicitFileType = wrapper.cfbundle; includeInIndex = 0; path = "Action Status.xctest"; sourceTree = BUILT_PRODUCTS_DIR; };
		8B3E64C823EAE62F00B28168 /* ActionStatusUITests.swift */ = {isa = PBXFileReference; lastKnownFileType = sourcecode.swift; path = ActionStatusUITests.swift; sourceTree = "<group>"; };
		8B3E64CA23EAE62F00B28168 /* Info.plist */ = {isa = PBXFileReference; lastKnownFileType = text.plist.xml; path = Info.plist; sourceTree = "<group>"; };
		8B430E6A23F586100050BF2A /* Action Status.app */ = {isa = PBXFileReference; explicitFileType = wrapper.application; includeInIndex = 0; path = "Action Status.app"; sourceTree = BUILT_PRODUCTS_DIR; };
		8B430E6C23F586100050BF2A /* AppDelegate.swift */ = {isa = PBXFileReference; lastKnownFileType = sourcecode.swift; path = AppDelegate.swift; sourceTree = "<group>"; };
		8B430E7623F586110050BF2A /* Base */ = {isa = PBXFileReference; lastKnownFileType = file.storyboard; name = Base; path = Base.lproj/LaunchScreen.storyboard; sourceTree = "<group>"; };
		8B430E7823F586110050BF2A /* Info.plist */ = {isa = PBXFileReference; lastKnownFileType = text.plist.xml; path = Info.plist; sourceTree = "<group>"; };
		8B430E8623F587E30050BF2A /* AppCommon.swift */ = {isa = PBXFileReference; lastKnownFileType = sourcecode.swift; path = AppCommon.swift; sourceTree = "<group>"; };
		8B451DFB23F415E10056EF3E /* Repo.swift */ = {isa = PBXFileReference; lastKnownFileType = sourcecode.swift; path = Repo.swift; sourceTree = "<group>"; };
		8B451E0123F42F3C0056EF3E /* BuildNumber.xcconfig */ = {isa = PBXFileReference; lastKnownFileType = text.xcconfig; path = BuildNumber.xcconfig; sourceTree = "<group>"; };
		8B451E0223F42F960056EF3E /* ActionStatus.xcconfig */ = {isa = PBXFileReference; lastKnownFileType = text.xcconfig; path = ActionStatus.xcconfig; sourceTree = "<group>"; };
		8B451E1623F446BA0056EF3E /* ActionStatus.entitlements */ = {isa = PBXFileReference; lastKnownFileType = text.plist.entitlements; path = ActionStatus.entitlements; sourceTree = "<group>"; };
		8B522FA423F6E9D60020AD36 /* AppKitBridge.xcconfig */ = {isa = PBXFileReference; lastKnownFileType = text.xcconfig; path = AppKitBridge.xcconfig; sourceTree = "<group>"; };
		8B522FA623F6ED390020AD36 /* pre-archive.sh */ = {isa = PBXFileReference; lastKnownFileType = text.script.sh; path = "pre-archive.sh"; sourceTree = "<group>"; };
		8B522FA723F6ED390020AD36 /* pre-build.sh */ = {isa = PBXFileReference; lastKnownFileType = text.script.sh; path = "pre-build.sh"; sourceTree = "<group>"; };
		8B5D864723FD52550085A570 /* ComposeView.swift */ = {isa = PBXFileReference; lastKnownFileType = sourcecode.swift; path = ComposeView.swift; sourceTree = "<group>"; };
		8B5E7E6223F6A97D00087E15 /* Tests.xcconfig */ = {isa = PBXFileReference; lastKnownFileType = text.xcconfig; path = Tests.xcconfig; sourceTree = "<group>"; };
		8B5E7E6323F6A9C600087E15 /* Mobile.xcconfig */ = {isa = PBXFileReference; lastKnownFileType = text.xcconfig; path = Mobile.xcconfig; sourceTree = "<group>"; };
		8B5E7E6423F6A9C600087E15 /* TV.xcconfig */ = {isa = PBXFileReference; lastKnownFileType = text.xcconfig; path = TV.xcconfig; sourceTree = "<group>"; };
		8B5E7E8323F6BB3500087E15 /* AppKitBridge.bundle */ = {isa = PBXFileReference; explicitFileType = wrapper.cfbundle; includeInIndex = 0; path = AppKitBridge.bundle; sourceTree = BUILT_PRODUCTS_DIR; };
		8B5E7E8523F6BB3500087E15 /* Info.plist */ = {isa = PBXFileReference; lastKnownFileType = text.plist.xml; path = Info.plist; sourceTree = "<group>"; };
		8B5E7E8C23F6BB8900087E15 /* AppKitBridge.swift */ = {isa = PBXFileReference; lastKnownFileType = sourcecode.swift; path = AppKitBridge.swift; sourceTree = "<group>"; };
		8B5E7E9123F6C0A100087E15 /* BridgingHeader.h */ = {isa = PBXFileReference; lastKnownFileType = sourcecode.c.h; path = BridgingHeader.h; sourceTree = "<group>"; };
		8B5E7E9223F6C0B600087E15 /* BridgingHeader.h */ = {isa = PBXFileReference; lastKnownFileType = sourcecode.c.h; path = BridgingHeader.h; sourceTree = "<group>"; };
		8B5E7E9323F6C0C200087E15 /* AppKitBridge.h */ = {isa = PBXFileReference; lastKnownFileType = sourcecode.c.h; path = AppKitBridge.h; sourceTree = "<group>"; };
		8B5E7E9423F6CC5B00087E15 /* Assets.sketch */ = {isa = PBXFileReference; lastKnownFileType = file; path = Assets.sketch; sourceTree = "<group>"; };
		8B6F181723F459570029F9CC /* RepoEditView.swift */ = {isa = PBXFileReference; lastKnownFileType = sourcecode.swift; path = RepoEditView.swift; sourceTree = "<group>"; };
		8B9B2DB123F452B00087283B /* RepoSet.swift */ = {isa = PBXFileReference; lastKnownFileType = sourcecode.swift; path = RepoSet.swift; sourceTree = "<group>"; };
/* End PBXFileReference section */

/* Begin PBXFrameworksBuildPhase section */
		8B3E64A023EAE62D00B28168 /* Frameworks */ = {
			isa = PBXFrameworksBuildPhase;
			buildActionMask = 2147483647;
			files = (
				8B5B175C23FAEB8200DD2AF5 /* SwiftUIExtensions in Frameworks */,
				8B880FE423FD7E000068C3FF /* BindingsExtensions in Frameworks */,
				8B5D864623FD3F720085A570 /* ApplicationExtensions in Frameworks */,
			);
			runOnlyForDeploymentPostprocessing = 0;
		};
		8B3E64B623EAE62E00B28168 /* Frameworks */ = {
			isa = PBXFrameworksBuildPhase;
			buildActionMask = 2147483647;
			files = (
			);
			runOnlyForDeploymentPostprocessing = 0;
		};
		8B3E64C123EAE62F00B28168 /* Frameworks */ = {
			isa = PBXFrameworksBuildPhase;
			buildActionMask = 2147483647;
			files = (
			);
			runOnlyForDeploymentPostprocessing = 0;
		};
		8B430E6723F586100050BF2A /* Frameworks */ = {
			isa = PBXFrameworksBuildPhase;
			buildActionMask = 2147483647;
			files = (
				8B5B175E23FAEBD300DD2AF5 /* SwiftUIExtensions in Frameworks */,
			);
			runOnlyForDeploymentPostprocessing = 0;
		};
		8B5E7E8023F6BB3500087E15 /* Frameworks */ = {
			isa = PBXFrameworksBuildPhase;
			buildActionMask = 2147483647;
			files = (
			);
			runOnlyForDeploymentPostprocessing = 0;
		};
/* End PBXFrameworksBuildPhase section */

/* Begin PBXGroup section */
		8B3E649A23EAE62D00B28168 = {
			isa = PBXGroup;
			children = (
				8B522FA323F6E8320020AD36 /* Extras */,
				8B3E64A523EAE62D00B28168 /* Sources */,
				8B522FA223F6E7B40020AD36 /* Tests */,
				8B3E64A423EAE62D00B28168 /* Products */,
				8B5E7E7823F6BA8400087E15 /* Frameworks */,
			);
			sourceTree = "<group>";
		};
		8B3E64A423EAE62D00B28168 /* Products */ = {
			isa = PBXGroup;
			children = (
				8B3E64A323EAE62D00B28168 /* Action Status.app */,
				8B3E64B923EAE62E00B28168 /* Action Status.xctest */,
				8B3E64C423EAE62F00B28168 /* Action Status.xctest */,
				8B430E6A23F586100050BF2A /* Action Status.app */,
				8B5E7E8323F6BB3500087E15 /* AppKitBridge.bundle */,
			);
			name = Products;
			sourceTree = "<group>";
		};
		8B3E64A523EAE62D00B28168 /* Sources */ = {
			isa = PBXGroup;
			children = (
				8B5E7E5723F6A79100087E15 /* ActionStatusMobile */,
				8B430E6B23F586100050BF2A /* ActionStatusTV */,
				8B5E7E5823F6A79900087E15 /* ActionStatusCommon */,
				8B5E7E8423F6BB3500087E15 /* AppKitBridge */,
			);
			path = Sources;
			sourceTree = "<group>";
		};
		8B3E64BC23EAE62E00B28168 /* ActionStatusTests */ = {
			isa = PBXGroup;
			children = (
				8B3E64BD23EAE62E00B28168 /* ActionStatusTests.swift */,
				8B3E64BF23EAE62E00B28168 /* Info.plist */,
			);
			path = ActionStatusTests;
			sourceTree = "<group>";
		};
		8B3E64C723EAE62F00B28168 /* ActionStatusUITests */ = {
			isa = PBXGroup;
			children = (
				8B3E64C823EAE62F00B28168 /* ActionStatusUITests.swift */,
				8B3E64CA23EAE62F00B28168 /* Info.plist */,
			);
			path = ActionStatusUITests;
			sourceTree = "<group>";
		};
		8B430E6B23F586100050BF2A /* ActionStatusTV */ = {
			isa = PBXGroup;
			children = (
				8B430E6C23F586100050BF2A /* AppDelegate.swift */,
				8B5B175123FADA9D00DD2AF5 /* Resources */,
			);
			path = ActionStatusTV;
			sourceTree = "<group>";
		};
		8B430E9023F58E060050BF2A /* PreviewContent */ = {
			isa = PBXGroup;
			children = (
				8B3E64AF23EAE62E00B28168 /* Preview Assets.xcassets */,
			);
			path = PreviewContent;
			sourceTree = "<group>";
		};
		8B522FA223F6E7B40020AD36 /* Tests */ = {
			isa = PBXGroup;
			children = (
				8B5E7E6223F6A97D00087E15 /* Tests.xcconfig */,
				8B3E64BC23EAE62E00B28168 /* ActionStatusTests */,
				8B3E64C723EAE62F00B28168 /* ActionStatusUITests */,
			);
			path = Tests;
			sourceTree = "<group>";
		};
		8B522FA323F6E8320020AD36 /* Extras */ = {
			isa = PBXGroup;
			children = (
				8B5E7E9423F6CC5B00087E15 /* Assets.sketch */,
			);
			path = Extras;
			sourceTree = "<group>";
		};
		8B5B174F23FADA8500DD2AF5 /* Resources */ = {
			isa = PBXGroup;
			children = (
				8B5E7E6323F6A9C600087E15 /* Mobile.xcconfig */,
				8B451E1623F446BA0056EF3E /* ActionStatus.entitlements */,
				8B3E64B423EAE62E00B28168 /* Info.plist */,
				8B2F0ABC23FC2FA400B2E62A /* Settings.bundle */,
				8B3E64B123EAE62E00B28168 /* LaunchScreen.storyboard */,
			);
			path = Resources;
			sourceTree = "<group>";
		};
		8B5B175123FADA9D00DD2AF5 /* Resources */ = {
			isa = PBXGroup;
			children = (
				8B5E7E6423F6A9C600087E15 /* TV.xcconfig */,
				8B430E7823F586110050BF2A /* Info.plist */,
				8B430E7523F586110050BF2A /* LaunchScreen.storyboard */,
			);
			path = Resources;
			sourceTree = "<group>";
		};
		8B5B175223FADAAE00DD2AF5 /* Resources */ = {
			isa = PBXGroup;
			children = (
				8B5E7E9123F6C0A100087E15 /* BridgingHeader.h */,
				8B451E0123F42F3C0056EF3E /* BuildNumber.xcconfig */,
				8B451E0223F42F960056EF3E /* ActionStatus.xcconfig */,
				8B3E64AC23EAE62E00B28168 /* Assets.xcassets */,
				8B522FA623F6ED390020AD36 /* pre-archive.sh */,
				8B522FA723F6ED390020AD36 /* pre-build.sh */,
				8B430E9023F58E060050BF2A /* PreviewContent */,
			);
			path = Resources;
			sourceTree = "<group>";
		};
		8B5B175323FAE05600DD2AF5 /* Resources */ = {
			isa = PBXGroup;
			children = (
				8B5E7E9223F6C0B600087E15 /* BridgingHeader.h */,
				8B522FA423F6E9D60020AD36 /* AppKitBridge.xcconfig */,
				8B5E7E8523F6BB3500087E15 /* Info.plist */,
			);
			path = Resources;
			sourceTree = "<group>";
		};
		8B5E7E5723F6A79100087E15 /* ActionStatusMobile */ = {
			isa = PBXGroup;
			children = (
				8B3E64A623EAE62D00B28168 /* AppDelegate.swift */,
				8B3E64A823EAE62D00B28168 /* SceneDelegate.swift */,
				8B5B174F23FADA8500DD2AF5 /* Resources */,
			);
			path = ActionStatusMobile;
			sourceTree = "<group>";
		};
		8B5E7E5823F6A79900087E15 /* ActionStatusCommon */ = {
			isa = PBXGroup;
			children = (
				8B430E8623F587E30050BF2A /* AppCommon.swift */,
				8B3E64AA23EAE62D00B28168 /* ContentView.swift */,
				8B5D864723FD52550085A570 /* ComposeView.swift */,
				8B451DFB23F415E10056EF3E /* Repo.swift */,
				8B6F181723F459570029F9CC /* RepoEditView.swift */,
				8B9B2DB123F452B00087283B /* RepoSet.swift */,
				8B5B175223FADAAE00DD2AF5 /* Resources */,
			);
			path = ActionStatusCommon;
			sourceTree = "<group>";
		};
		8B5E7E7823F6BA8400087E15 /* Frameworks */ = {
			isa = PBXGroup;
			children = (
			);
			name = Frameworks;
			sourceTree = "<group>";
		};
		8B5E7E8423F6BB3500087E15 /* AppKitBridge */ = {
			isa = PBXGroup;
			children = (
				8B5E7E8C23F6BB8900087E15 /* AppKitBridge.swift */,
				8B2F0AB923FC195700B2E62A /* InterceptingDelegate.h */,
				8B2F0ABA23FC195800B2E62A /* InterceptingDelegate.m */,
				8B5E7E9323F6C0C200087E15 /* AppKitBridge.h */,
				8B5B175323FAE05600DD2AF5 /* Resources */,
			);
			path = AppKitBridge;
			sourceTree = "<group>";
		};
/* End PBXGroup section */

/* Begin PBXNativeTarget section */
		8B3E64A223EAE62D00B28168 /* ActionStatusMobile */ = {
			isa = PBXNativeTarget;
			buildConfigurationList = 8B3E64CD23EAE62F00B28168 /* Build configuration list for PBXNativeTarget "ActionStatusMobile" */;
			buildPhases = (
				8B3E649F23EAE62D00B28168 /* Sources */,
				8B3E64A023EAE62D00B28168 /* Frameworks */,
				8B3E64A123EAE62D00B28168 /* Resources */,
				8B5E7E7E23F6BAC800087E15 /* Embed Frameworks */,
			);
			buildRules = (
			);
			dependencies = (
				8B5E7E8B23F6BB6100087E15 /* PBXTargetDependency */,
			);
			name = ActionStatusMobile;
			packageProductDependencies = (
				8B5B175B23FAEB8200DD2AF5 /* SwiftUIExtensions */,
				8B5D864523FD3F720085A570 /* ApplicationExtensions */,
				8B880FE323FD7E000068C3FF /* BindingsExtensions */,
			);
			productName = GithubStatus;
			productReference = 8B3E64A323EAE62D00B28168 /* Action Status.app */;
			productType = "com.apple.product-type.application";
		};
		8B3E64B823EAE62E00B28168 /* ActionStatusTests */ = {
			isa = PBXNativeTarget;
			buildConfigurationList = 8B3E64D023EAE62F00B28168 /* Build configuration list for PBXNativeTarget "ActionStatusTests" */;
			buildPhases = (
				8B3E64B523EAE62E00B28168 /* Sources */,
				8B3E64B623EAE62E00B28168 /* Frameworks */,
				8B3E64B723EAE62E00B28168 /* Resources */,
			);
			buildRules = (
			);
			dependencies = (
				8B3E64BB23EAE62E00B28168 /* PBXTargetDependency */,
			);
			name = ActionStatusTests;
			productName = GithubStatusTests;
			productReference = 8B3E64B923EAE62E00B28168 /* Action Status.xctest */;
			productType = "com.apple.product-type.bundle.unit-test";
		};
		8B3E64C323EAE62F00B28168 /* ActionStatusUITests */ = {
			isa = PBXNativeTarget;
			buildConfigurationList = 8B3E64D323EAE62F00B28168 /* Build configuration list for PBXNativeTarget "ActionStatusUITests" */;
			buildPhases = (
				8B3E64C023EAE62F00B28168 /* Sources */,
				8B3E64C123EAE62F00B28168 /* Frameworks */,
				8B3E64C223EAE62F00B28168 /* Resources */,
			);
			buildRules = (
			);
			dependencies = (
				8B3E64C623EAE62F00B28168 /* PBXTargetDependency */,
			);
			name = ActionStatusUITests;
			productName = GithubStatusUITests;
			productReference = 8B3E64C423EAE62F00B28168 /* Action Status.xctest */;
			productType = "com.apple.product-type.bundle.ui-testing";
		};
		8B430E6923F586100050BF2A /* ActionStatusTV */ = {
			isa = PBXNativeTarget;
			buildConfigurationList = 8B430E7923F586110050BF2A /* Build configuration list for PBXNativeTarget "ActionStatusTV" */;
			buildPhases = (
				8B430E6623F586100050BF2A /* Sources */,
				8B430E6723F586100050BF2A /* Frameworks */,
				8B430E6823F586100050BF2A /* Resources */,
			);
			buildRules = (
			);
			dependencies = (
			);
			name = ActionStatusTV;
			packageProductDependencies = (
				8B5B175D23FAEBD300DD2AF5 /* SwiftUIExtensions */,
			);
			productName = ActionStatusTV;
			productReference = 8B430E6A23F586100050BF2A /* Action Status.app */;
			productType = "com.apple.product-type.application";
		};
		8B5E7E8223F6BB3500087E15 /* AppKitBridge */ = {
			isa = PBXNativeTarget;
			buildConfigurationList = 8B5E7E8623F6BB3500087E15 /* Build configuration list for PBXNativeTarget "AppKitBridge" */;
			buildPhases = (
				8B5E7E7F23F6BB3500087E15 /* Sources */,
				8B5E7E8023F6BB3500087E15 /* Frameworks */,
				8B5E7E8123F6BB3500087E15 /* Resources */,
			);
			buildRules = (
			);
			dependencies = (
			);
			name = AppKitBridge;
			productName = AppKitBridge;
			productReference = 8B5E7E8323F6BB3500087E15 /* AppKitBridge.bundle */;
			productType = "com.apple.product-type.bundle";
		};
/* End PBXNativeTarget section */

/* Begin PBXProject section */
		8B3E649B23EAE62D00B28168 /* Project object */ = {
			isa = PBXProject;
			attributes = {
				LastSwiftUpdateCheck = 1140;
				LastUpgradeCheck = 1130;
				ORGANIZATIONNAME = "Elegant Chaos";
				TargetAttributes = {
					8B3E64A223EAE62D00B28168 = {
						CreatedOnToolsVersion = 11.3.1;
					};
					8B3E64B823EAE62E00B28168 = {
						CreatedOnToolsVersion = 11.3.1;
						TestTargetID = 8B3E64A223EAE62D00B28168;
					};
					8B3E64C323EAE62F00B28168 = {
						CreatedOnToolsVersion = 11.3.1;
						TestTargetID = 8B3E64A223EAE62D00B28168;
					};
					8B430E6923F586100050BF2A = {
						CreatedOnToolsVersion = 11.4;
					};
					8B5E7E8223F6BB3500087E15 = {
						CreatedOnToolsVersion = 11.4;
						LastSwiftMigration = 1140;
					};
				};
			};
			buildConfigurationList = 8B3E649E23EAE62D00B28168 /* Build configuration list for PBXProject "ActionStatus" */;
			compatibilityVersion = "Xcode 9.3";
			developmentRegion = en;
			hasScannedForEncodings = 0;
			knownRegions = (
				en,
				Base,
			);
			mainGroup = 8B3E649A23EAE62D00B28168;
			packageReferences = (
				8B5B175A23FAEB8200DD2AF5 /* XCRemoteSwiftPackageReference "SwiftUIExtensions" */,
				8B5D864423FD3F720085A570 /* XCRemoteSwiftPackageReference "ApplicationExtensions" */,
				8B880FE223FD7E000068C3FF /* XCRemoteSwiftPackageReference "BindingsExtensions" */,
			);
			productRefGroup = 8B3E64A423EAE62D00B28168 /* Products */;
			projectDirPath = "";
			projectRoot = "";
			targets = (
				8B3E64A223EAE62D00B28168 /* ActionStatusMobile */,
				8B430E6923F586100050BF2A /* ActionStatusTV */,
				8B5E7E8223F6BB3500087E15 /* AppKitBridge */,
				8B3E64B823EAE62E00B28168 /* ActionStatusTests */,
				8B3E64C323EAE62F00B28168 /* ActionStatusUITests */,
			);
		};
/* End PBXProject section */

/* Begin PBXResourcesBuildPhase section */
		8B3E64A123EAE62D00B28168 /* Resources */ = {
			isa = PBXResourcesBuildPhase;
			buildActionMask = 2147483647;
			files = (
				8B5B175623FAE7E800DD2AF5 /* pre-archive.sh in Resources */,
				8B5E7E8923F6BB5100087E15 /* AppKitBridge.bundle in Resources */,
				8B3E64B323EAE62E00B28168 /* LaunchScreen.storyboard in Resources */,
				8B5B175923FAE7E800DD2AF5 /* pre-build.sh in Resources */,
				8B430E9123F5947E0050BF2A /* Assets.xcassets in Resources */,
				8B3E64B023EAE62E00B28168 /* Preview Assets.xcassets in Resources */,
				8B2F0ABD23FC2FA400B2E62A /* Settings.bundle in Resources */,
			);
			runOnlyForDeploymentPostprocessing = 0;
		};
		8B3E64B723EAE62E00B28168 /* Resources */ = {
			isa = PBXResourcesBuildPhase;
			buildActionMask = 2147483647;
			files = (
			);
			runOnlyForDeploymentPostprocessing = 0;
		};
		8B3E64C223EAE62F00B28168 /* Resources */ = {
			isa = PBXResourcesBuildPhase;
			buildActionMask = 2147483647;
			files = (
			);
			runOnlyForDeploymentPostprocessing = 0;
		};
		8B430E6823F586100050BF2A /* Resources */ = {
			isa = PBXResourcesBuildPhase;
			buildActionMask = 2147483647;
			files = (
				8B430E8E23F58AE10050BF2A /* Assets.xcassets in Resources */,
				8B5B175723FAE7E800DD2AF5 /* pre-build.sh in Resources */,
				8B5B175423FAE7E800DD2AF5 /* pre-archive.sh in Resources */,
				8B430E8F23F58CEE0050BF2A /* Preview Assets.xcassets in Resources */,
				8B430E8423F5877D0050BF2A /* LaunchScreen.storyboard in Resources */,
			);
			runOnlyForDeploymentPostprocessing = 0;
		};
		8B5E7E8123F6BB3500087E15 /* Resources */ = {
			isa = PBXResourcesBuildPhase;
			buildActionMask = 2147483647;
			files = (
			);
			runOnlyForDeploymentPostprocessing = 0;
		};
/* End PBXResourcesBuildPhase section */

/* Begin PBXSourcesBuildPhase section */
		8B3E649F23EAE62D00B28168 /* Sources */ = {
			isa = PBXSourcesBuildPhase;
			buildActionMask = 2147483647;
			files = (
				8B9B2DB223F452B00087283B /* RepoSet.swift in Sources */,
				8B3E64A723EAE62D00B28168 /* AppDelegate.swift in Sources */,
				8B3E64A923EAE62D00B28168 /* SceneDelegate.swift in Sources */,
				8B430E8723F587E30050BF2A /* AppCommon.swift in Sources */,
				8B6F181823F459570029F9CC /* RepoEditView.swift in Sources */,
				8B5D864823FD52550085A570 /* ComposeView.swift in Sources */,
				8B451DFC23F415E10056EF3E /* Repo.swift in Sources */,
				8B3E64AB23EAE62D00B28168 /* ContentView.swift in Sources */,
			);
			runOnlyForDeploymentPostprocessing = 0;
		};
		8B3E64B523EAE62E00B28168 /* Sources */ = {
			isa = PBXSourcesBuildPhase;
			buildActionMask = 2147483647;
			files = (
				8B3E64BE23EAE62E00B28168 /* ActionStatusTests.swift in Sources */,
			);
			runOnlyForDeploymentPostprocessing = 0;
		};
		8B3E64C023EAE62F00B28168 /* Sources */ = {
			isa = PBXSourcesBuildPhase;
			buildActionMask = 2147483647;
			files = (
				8B3E64C923EAE62F00B28168 /* ActionStatusUITests.swift in Sources */,
			);
			runOnlyForDeploymentPostprocessing = 0;
		};
		8B430E6623F586100050BF2A /* Sources */ = {
			isa = PBXSourcesBuildPhase;
			buildActionMask = 2147483647;
			files = (
				8B430E8523F587830050BF2A /* AppDelegate.swift in Sources */,
				8B430E7E23F586830050BF2A /* ContentView.swift in Sources */,
				8B430E8123F586830050BF2A /* Repo.swift in Sources */,
				8B430E8823F587E60050BF2A /* AppCommon.swift in Sources */,
				8B430E8023F586830050BF2A /* RepoEditView.swift in Sources */,
				8B5D864923FD54160085A570 /* ComposeView.swift in Sources */,
				8B430E8223F586830050BF2A /* RepoSet.swift in Sources */,
			);
			runOnlyForDeploymentPostprocessing = 0;
		};
		8B5E7E7F23F6BB3500087E15 /* Sources */ = {
			isa = PBXSourcesBuildPhase;
			buildActionMask = 2147483647;
			files = (
				8B5E7E8D23F6BB8900087E15 /* AppKitBridge.swift in Sources */,
				8B2F0ABB23FC195800B2E62A /* InterceptingDelegate.m in Sources */,
			);
			runOnlyForDeploymentPostprocessing = 0;
		};
/* End PBXSourcesBuildPhase section */

/* Begin PBXTargetDependency section */
		8B3E64BB23EAE62E00B28168 /* PBXTargetDependency */ = {
			isa = PBXTargetDependency;
			target = 8B3E64A223EAE62D00B28168 /* ActionStatusMobile */;
			targetProxy = 8B3E64BA23EAE62E00B28168 /* PBXContainerItemProxy */;
		};
		8B3E64C623EAE62F00B28168 /* PBXTargetDependency */ = {
			isa = PBXTargetDependency;
			target = 8B3E64A223EAE62D00B28168 /* ActionStatusMobile */;
			targetProxy = 8B3E64C523EAE62F00B28168 /* PBXContainerItemProxy */;
		};
		8B5E7E8B23F6BB6100087E15 /* PBXTargetDependency */ = {
			isa = PBXTargetDependency;
			platformFilter = maccatalyst;
			target = 8B5E7E8223F6BB3500087E15 /* AppKitBridge */;
			targetProxy = 8B5E7E8A23F6BB6100087E15 /* PBXContainerItemProxy */;
		};
/* End PBXTargetDependency section */

/* Begin PBXVariantGroup section */
		8B3E64B123EAE62E00B28168 /* LaunchScreen.storyboard */ = {
			isa = PBXVariantGroup;
			children = (
				8B3E64B223EAE62E00B28168 /* Base */,
			);
			name = LaunchScreen.storyboard;
			sourceTree = "<group>";
		};
		8B430E7523F586110050BF2A /* LaunchScreen.storyboard */ = {
			isa = PBXVariantGroup;
			children = (
				8B430E7623F586110050BF2A /* Base */,
			);
			name = LaunchScreen.storyboard;
			sourceTree = "<group>";
		};
/* End PBXVariantGroup section */

/* Begin XCBuildConfiguration section */
		8B3E64CB23EAE62F00B28168 /* Debug */ = {
			isa = XCBuildConfiguration;
			buildSettings = {
				ALWAYS_SEARCH_USER_PATHS = NO;
				CLANG_ANALYZER_NONNULL = YES;
				CLANG_ANALYZER_NUMBER_OBJECT_CONVERSION = YES_AGGRESSIVE;
				CLANG_CXX_LANGUAGE_STANDARD = "gnu++14";
				CLANG_CXX_LIBRARY = "libc++";
				CLANG_ENABLE_MODULES = YES;
				CLANG_ENABLE_OBJC_ARC = YES;
				CLANG_ENABLE_OBJC_WEAK = YES;
				CLANG_WARN_BLOCK_CAPTURE_AUTORELEASING = YES;
				CLANG_WARN_BOOL_CONVERSION = YES;
				CLANG_WARN_COMMA = YES;
				CLANG_WARN_CONSTANT_CONVERSION = YES;
				CLANG_WARN_DEPRECATED_OBJC_IMPLEMENTATIONS = YES;
				CLANG_WARN_DIRECT_OBJC_ISA_USAGE = YES_ERROR;
				CLANG_WARN_DOCUMENTATION_COMMENTS = YES;
				CLANG_WARN_EMPTY_BODY = YES;
				CLANG_WARN_ENUM_CONVERSION = YES;
				CLANG_WARN_INFINITE_RECURSION = YES;
				CLANG_WARN_INT_CONVERSION = YES;
				CLANG_WARN_NON_LITERAL_NULL_CONVERSION = YES;
				CLANG_WARN_OBJC_IMPLICIT_RETAIN_SELF = YES;
				CLANG_WARN_OBJC_LITERAL_CONVERSION = YES;
				CLANG_WARN_OBJC_ROOT_CLASS = YES_ERROR;
				CLANG_WARN_RANGE_LOOP_ANALYSIS = YES;
				CLANG_WARN_STRICT_PROTOTYPES = YES;
				CLANG_WARN_SUSPICIOUS_MOVE = YES;
				CLANG_WARN_UNGUARDED_AVAILABILITY = YES_AGGRESSIVE;
				CLANG_WARN_UNREACHABLE_CODE = YES;
				CLANG_WARN__DUPLICATE_METHOD_MATCH = YES;
				COPY_PHASE_STRIP = NO;
				DEBUG_INFORMATION_FORMAT = dwarf;
				ENABLE_STRICT_OBJC_MSGSEND = YES;
				ENABLE_TESTABILITY = YES;
				GCC_C_LANGUAGE_STANDARD = gnu11;
				GCC_DYNAMIC_NO_PIC = NO;
				GCC_NO_COMMON_BLOCKS = YES;
				GCC_OPTIMIZATION_LEVEL = 0;
				GCC_PREPROCESSOR_DEFINITIONS = (
					"DEBUG=1",
					"$(inherited)",
				);
				GCC_WARN_64_TO_32_BIT_CONVERSION = YES;
				GCC_WARN_ABOUT_RETURN_TYPE = YES_ERROR;
				GCC_WARN_UNDECLARED_SELECTOR = YES;
				GCC_WARN_UNINITIALIZED_AUTOS = YES_AGGRESSIVE;
				GCC_WARN_UNUSED_FUNCTION = YES;
				GCC_WARN_UNUSED_VARIABLE = YES;
				IPHONEOS_DEPLOYMENT_TARGET = 13.2;
				MTL_ENABLE_DEBUG_INFO = INCLUDE_SOURCE;
				MTL_FAST_MATH = YES;
				ONLY_ACTIVE_ARCH = YES;
				SDKROOT = iphoneos;
				SWIFT_ACTIVE_COMPILATION_CONDITIONS = DEBUG;
				SWIFT_OPTIMIZATION_LEVEL = "-Onone";
			};
			name = Debug;
		};
		8B3E64CC23EAE62F00B28168 /* Release */ = {
			isa = XCBuildConfiguration;
			buildSettings = {
				ALWAYS_SEARCH_USER_PATHS = NO;
				CLANG_ANALYZER_NONNULL = YES;
				CLANG_ANALYZER_NUMBER_OBJECT_CONVERSION = YES_AGGRESSIVE;
				CLANG_CXX_LANGUAGE_STANDARD = "gnu++14";
				CLANG_CXX_LIBRARY = "libc++";
				CLANG_ENABLE_MODULES = YES;
				CLANG_ENABLE_OBJC_ARC = YES;
				CLANG_ENABLE_OBJC_WEAK = YES;
				CLANG_WARN_BLOCK_CAPTURE_AUTORELEASING = YES;
				CLANG_WARN_BOOL_CONVERSION = YES;
				CLANG_WARN_COMMA = YES;
				CLANG_WARN_CONSTANT_CONVERSION = YES;
				CLANG_WARN_DEPRECATED_OBJC_IMPLEMENTATIONS = YES;
				CLANG_WARN_DIRECT_OBJC_ISA_USAGE = YES_ERROR;
				CLANG_WARN_DOCUMENTATION_COMMENTS = YES;
				CLANG_WARN_EMPTY_BODY = YES;
				CLANG_WARN_ENUM_CONVERSION = YES;
				CLANG_WARN_INFINITE_RECURSION = YES;
				CLANG_WARN_INT_CONVERSION = YES;
				CLANG_WARN_NON_LITERAL_NULL_CONVERSION = YES;
				CLANG_WARN_OBJC_IMPLICIT_RETAIN_SELF = YES;
				CLANG_WARN_OBJC_LITERAL_CONVERSION = YES;
				CLANG_WARN_OBJC_ROOT_CLASS = YES_ERROR;
				CLANG_WARN_RANGE_LOOP_ANALYSIS = YES;
				CLANG_WARN_STRICT_PROTOTYPES = YES;
				CLANG_WARN_SUSPICIOUS_MOVE = YES;
				CLANG_WARN_UNGUARDED_AVAILABILITY = YES_AGGRESSIVE;
				CLANG_WARN_UNREACHABLE_CODE = YES;
				CLANG_WARN__DUPLICATE_METHOD_MATCH = YES;
				COPY_PHASE_STRIP = NO;
				DEBUG_INFORMATION_FORMAT = "dwarf-with-dsym";
				ENABLE_NS_ASSERTIONS = NO;
				ENABLE_STRICT_OBJC_MSGSEND = YES;
				GCC_C_LANGUAGE_STANDARD = gnu11;
				GCC_NO_COMMON_BLOCKS = YES;
				GCC_WARN_64_TO_32_BIT_CONVERSION = YES;
				GCC_WARN_ABOUT_RETURN_TYPE = YES_ERROR;
				GCC_WARN_UNDECLARED_SELECTOR = YES;
				GCC_WARN_UNINITIALIZED_AUTOS = YES_AGGRESSIVE;
				GCC_WARN_UNUSED_FUNCTION = YES;
				GCC_WARN_UNUSED_VARIABLE = YES;
				IPHONEOS_DEPLOYMENT_TARGET = 13.2;
				MTL_ENABLE_DEBUG_INFO = NO;
				MTL_FAST_MATH = YES;
				SDKROOT = iphoneos;
				SWIFT_COMPILATION_MODE = wholemodule;
				SWIFT_OPTIMIZATION_LEVEL = "-O";
				VALIDATE_PRODUCT = YES;
			};
			name = Release;
		};
		8B3E64CE23EAE62F00B28168 /* Debug */ = {
			isa = XCBuildConfiguration;
			baseConfigurationReference = 8B5E7E6323F6A9C600087E15 /* Mobile.xcconfig */;
			buildSettings = {
			};
			name = Debug;
		};
		8B3E64CF23EAE62F00B28168 /* Release */ = {
			isa = XCBuildConfiguration;
			baseConfigurationReference = 8B5E7E6323F6A9C600087E15 /* Mobile.xcconfig */;
			buildSettings = {
			};
			name = Release;
		};
		8B3E64D123EAE62F00B28168 /* Debug */ = {
			isa = XCBuildConfiguration;
			baseConfigurationReference = 8B5E7E6223F6A97D00087E15 /* Tests.xcconfig */;
			buildSettings = {
				ALWAYS_EMBED_SWIFT_STANDARD_LIBRARIES = YES;
				BUNDLE_LOADER = "$(TEST_HOST)";
				IPHONEOS_DEPLOYMENT_TARGET = 13.2;
				LD_RUNPATH_SEARCH_PATHS = (
					"$(inherited)",
					"@executable_path/Frameworks",
					"@loader_path/Frameworks",
				);
				TARGETED_DEVICE_FAMILY = "1,2";
			};
			name = Debug;
		};
		8B3E64D223EAE62F00B28168 /* Release */ = {
			isa = XCBuildConfiguration;
			baseConfigurationReference = 8B5E7E6223F6A97D00087E15 /* Tests.xcconfig */;
			buildSettings = {
				ALWAYS_EMBED_SWIFT_STANDARD_LIBRARIES = YES;
				BUNDLE_LOADER = "$(TEST_HOST)";
				IPHONEOS_DEPLOYMENT_TARGET = 13.2;
				LD_RUNPATH_SEARCH_PATHS = (
					"$(inherited)",
					"@executable_path/Frameworks",
					"@loader_path/Frameworks",
				);
				TARGETED_DEVICE_FAMILY = "1,2";
			};
			name = Release;
		};
		8B3E64D423EAE62F00B28168 /* Debug */ = {
			isa = XCBuildConfiguration;
			baseConfigurationReference = 8B5E7E6223F6A97D00087E15 /* Tests.xcconfig */;
			buildSettings = {
				ALWAYS_EMBED_SWIFT_STANDARD_LIBRARIES = YES;
				LD_RUNPATH_SEARCH_PATHS = (
					"$(inherited)",
					"@executable_path/Frameworks",
					"@loader_path/Frameworks",
				);
				TARGETED_DEVICE_FAMILY = "1,2";
				TEST_TARGET_NAME = Mobile;
			};
			name = Debug;
		};
		8B3E64D523EAE62F00B28168 /* Release */ = {
			isa = XCBuildConfiguration;
			baseConfigurationReference = 8B5E7E6223F6A97D00087E15 /* Tests.xcconfig */;
			buildSettings = {
				ALWAYS_EMBED_SWIFT_STANDARD_LIBRARIES = YES;
				LD_RUNPATH_SEARCH_PATHS = (
					"$(inherited)",
					"@executable_path/Frameworks",
					"@loader_path/Frameworks",
				);
				TARGETED_DEVICE_FAMILY = "1,2";
				TEST_TARGET_NAME = Mobile;
			};
			name = Release;
		};
		8B430E7A23F586110050BF2A /* Debug */ = {
			isa = XCBuildConfiguration;
			baseConfigurationReference = 8B5E7E6423F6A9C600087E15 /* TV.xcconfig */;
			buildSettings = {
			};
			name = Debug;
		};
		8B430E7B23F586110050BF2A /* Release */ = {
			isa = XCBuildConfiguration;
			baseConfigurationReference = 8B5E7E6423F6A9C600087E15 /* TV.xcconfig */;
			buildSettings = {
			};
			name = Release;
		};
		8B5E7E8723F6BB3500087E15 /* Debug */ = {
			isa = XCBuildConfiguration;
			baseConfigurationReference = 8B522FA423F6E9D60020AD36 /* AppKitBridge.xcconfig */;
			buildSettings = {
				CLANG_ENABLE_MODULES = YES;
				LD_RUNPATH_SEARCH_PATHS = (
					"$(inherited)",
					"@executable_path/../Frameworks",
					"@loader_path/../Frameworks",
				);
				SWIFT_OPTIMIZATION_LEVEL = "-Onone";
				SWIFT_VERSION = 5.0;
			};
			name = Debug;
		};
		8B5E7E8823F6BB3500087E15 /* Release */ = {
			isa = XCBuildConfiguration;
			baseConfigurationReference = 8B522FA423F6E9D60020AD36 /* AppKitBridge.xcconfig */;
			buildSettings = {
				CLANG_ENABLE_MODULES = YES;
				LD_RUNPATH_SEARCH_PATHS = (
					"$(inherited)",
					"@executable_path/../Frameworks",
					"@loader_path/../Frameworks",
				);
				SWIFT_VERSION = 5.0;
			};
			name = Release;
		};
/* End XCBuildConfiguration section */

/* Begin XCConfigurationList section */
		8B3E649E23EAE62D00B28168 /* Build configuration list for PBXProject "ActionStatus" */ = {
			isa = XCConfigurationList;
			buildConfigurations = (
				8B3E64CB23EAE62F00B28168 /* Debug */,
				8B3E64CC23EAE62F00B28168 /* Release */,
			);
			defaultConfigurationIsVisible = 0;
			defaultConfigurationName = Release;
		};
		8B3E64CD23EAE62F00B28168 /* Build configuration list for PBXNativeTarget "ActionStatusMobile" */ = {
			isa = XCConfigurationList;
			buildConfigurations = (
				8B3E64CE23EAE62F00B28168 /* Debug */,
				8B3E64CF23EAE62F00B28168 /* Release */,
			);
			defaultConfigurationIsVisible = 0;
			defaultConfigurationName = Release;
		};
		8B3E64D023EAE62F00B28168 /* Build configuration list for PBXNativeTarget "ActionStatusTests" */ = {
			isa = XCConfigurationList;
			buildConfigurations = (
				8B3E64D123EAE62F00B28168 /* Debug */,
				8B3E64D223EAE62F00B28168 /* Release */,
			);
			defaultConfigurationIsVisible = 0;
			defaultConfigurationName = Release;
		};
		8B3E64D323EAE62F00B28168 /* Build configuration list for PBXNativeTarget "ActionStatusUITests" */ = {
			isa = XCConfigurationList;
			buildConfigurations = (
				8B3E64D423EAE62F00B28168 /* Debug */,
				8B3E64D523EAE62F00B28168 /* Release */,
			);
			defaultConfigurationIsVisible = 0;
			defaultConfigurationName = Release;
		};
		8B430E7923F586110050BF2A /* Build configuration list for PBXNativeTarget "ActionStatusTV" */ = {
			isa = XCConfigurationList;
			buildConfigurations = (
				8B430E7A23F586110050BF2A /* Debug */,
				8B430E7B23F586110050BF2A /* Release */,
			);
			defaultConfigurationIsVisible = 0;
			defaultConfigurationName = Release;
		};
		8B5E7E8623F6BB3500087E15 /* Build configuration list for PBXNativeTarget "AppKitBridge" */ = {
			isa = XCConfigurationList;
			buildConfigurations = (
				8B5E7E8723F6BB3500087E15 /* Debug */,
				8B5E7E8823F6BB3500087E15 /* Release */,
			);
			defaultConfigurationIsVisible = 0;
			defaultConfigurationName = Release;
		};
/* End XCConfigurationList section */

/* Begin XCRemoteSwiftPackageReference section */
		8B5B175A23FAEB8200DD2AF5 /* XCRemoteSwiftPackageReference "SwiftUIExtensions" */ = {
			isa = XCRemoteSwiftPackageReference;
			repositoryURL = "https://github.com/elegantchaos/SwiftUIExtensions.git";
			requirement = {
				kind = upToNextMajorVersion;
				minimumVersion = 1.0.3;
			};
		};
		8B5D864423FD3F720085A570 /* XCRemoteSwiftPackageReference "ApplicationExtensions" */ = {
			isa = XCRemoteSwiftPackageReference;
			repositoryURL = "https://github.com/elegantchaos/ApplicationExtensions.git";
			requirement = {
				kind = upToNextMajorVersion;
				minimumVersion = 1.0.2;
			};
		};
		8B880FE223FD7E000068C3FF /* XCRemoteSwiftPackageReference "BindingsExtensions" */ = {
			isa = XCRemoteSwiftPackageReference;
			repositoryURL = "https://github.com/elegantchaos/BindingsExtensions.git";
			requirement = {
				kind = upToNextMajorVersion;
				minimumVersion = 1.0.0;
			};
		};
/* End XCRemoteSwiftPackageReference section */

/* Begin XCSwiftPackageProductDependency section */
		8B5B175B23FAEB8200DD2AF5 /* SwiftUIExtensions */ = {
			isa = XCSwiftPackageProductDependency;
			package = 8B5B175A23FAEB8200DD2AF5 /* XCRemoteSwiftPackageReference "SwiftUIExtensions" */;
			productName = SwiftUIExtensions;
		};
		8B5B175D23FAEBD300DD2AF5 /* SwiftUIExtensions */ = {
			isa = XCSwiftPackageProductDependency;
			productName = SwiftUIExtensions;
		};
		8B5D864523FD3F720085A570 /* ApplicationExtensions */ = {
			isa = XCSwiftPackageProductDependency;
			package = 8B5D864423FD3F720085A570 /* XCRemoteSwiftPackageReference "ApplicationExtensions" */;
			productName = ApplicationExtensions;
		};
		8B880FE323FD7E000068C3FF /* BindingsExtensions */ = {
			isa = XCSwiftPackageProductDependency;
			package = 8B880FE223FD7E000068C3FF /* XCRemoteSwiftPackageReference "BindingsExtensions" */;
			productName = BindingsExtensions;
		};
/* End XCSwiftPackageProductDependency section */
	};
	rootObject = 8B3E649B23EAE62D00B28168 /* Project object */;
}
